// !$*UTF8*$!
{
	archiveVersion = 1;
	classes = {
	};
	objectVersion = 56;
	objects = {

/* Begin PBXBuildFile section */
		AA41EF022A1CE19900FDB639 /* GNULicence.swift in Sources */ = {isa = PBXBuildFile; fileRef = AA41EF012A1CE19900FDB639 /* GNULicence.swift */; };
		AA4786B92A1A83E100BB4144 /* ChessKitEngine in Frameworks */ = {isa = PBXBuildFile; productRef = AA4786B82A1A83E100BB4144 /* ChessKitEngine */; };
		AA4786BB2A1A8AC800BB4144 /* EvalBarView.swift in Sources */ = {isa = PBXBuildFile; fileRef = AA4786BA2A1A8AC800BB4144 /* EvalBarView.swift */; };
		AA4786BD2A1B880A00BB4144 /* SelectStudyView.swift in Sources */ = {isa = PBXBuildFile; fileRef = AA4786BC2A1B880A00BB4144 /* SelectStudyView.swift */; };
		AA5EA3CD2A067BCD0033AB7C /* PawnPromotionView.swift in Sources */ = {isa = PBXBuildFile; fileRef = AA5EA3CC2A067BCD0033AB7C /* PawnPromotionView.swift */; };
		AA6960772A05403F00A593BB /* ListView.swift in Sources */ = {isa = PBXBuildFile; fileRef = AA6960762A05403F00A593BB /* ListView.swift */; };
		AA6960792A05460700A593BB /* PracticeView.swift in Sources */ = {isa = PBXBuildFile; fileRef = AA6960782A05460700A593BB /* PracticeView.swift */; };
		AA69607B2A05461700A593BB /* ChessboardView.swift in Sources */ = {isa = PBXBuildFile; fileRef = AA69607A2A05461700A593BB /* ChessboardView.swift */; };
		AA69607D2A06473800A593BB /* PracticeViewModel.swift in Sources */ = {isa = PBXBuildFile; fileRef = AA69607C2A06473800A593BB /* PracticeViewModel.swift */; };
		AA6A8B7B2A38822C003DA1C2 /* PracticeCenterView.swift in Sources */ = {isa = PBXBuildFile; fileRef = AA6A8B7A2A38822C003DA1C2 /* PracticeCenterView.swift */; };
		AA6A8B7D2A38BDF1003DA1C2 /* DisplayBoardViewModel.swift in Sources */ = {isa = PBXBuildFile; fileRef = AA6A8B7C2A38BDF1003DA1C2 /* DisplayBoardViewModel.swift */; };
		AA6A8B7F2A38C02E003DA1C2 /* GameState.swift in Sources */ = {isa = PBXBuildFile; fileRef = AA6A8B7E2A38C02E003DA1C2 /* GameState.swift */; };
		AA7A71342A4D733200A60706 /* PopoverViewModifier.swift in Sources */ = {isa = PBXBuildFile; fileRef = AA7A71332A4D733200A60706 /* PopoverViewModifier.swift */; };
		AA87F3DD2A013A34009D7017 /* AnnotationView.swift in Sources */ = {isa = PBXBuildFile; fileRef = AA87F3DC2A013A34009D7017 /* AnnotationView.swift */; };
		AA930ED82A093D4100026712 /* BoxArrowShape.swift in Sources */ = {isa = PBXBuildFile; fileRef = AA930ED72A093D4100026712 /* BoxArrowShape.swift */; };
		AA930EDA2A09765200026712 /* SortingMethod.swift in Sources */ = {isa = PBXBuildFile; fileRef = AA930ED92A09765200026712 /* SortingMethod.swift */; };
		AAA1A17C29F02351003F153F /* OpeningsMastermindApp.swift in Sources */ = {isa = PBXBuildFile; fileRef = AAA1A17B29F02351003F153F /* OpeningsMastermindApp.swift */; };
		AAA1A17E29F02351003F153F /* ContentView.swift in Sources */ = {isa = PBXBuildFile; fileRef = AAA1A17D29F02351003F153F /* ContentView.swift */; };
		AAA1A18029F02352003F153F /* Assets.xcassets in Resources */ = {isa = PBXBuildFile; fileRef = AAA1A17F29F02352003F153F /* Assets.xcassets */; };
		AAA1A18429F02352003F153F /* Preview Assets.xcassets in Resources */ = {isa = PBXBuildFile; fileRef = AAA1A18329F02352003F153F /* Preview Assets.xcassets */; };
		AAA1A18E29F02352003F153F /* ChessOpeningTrainerTests.swift in Sources */ = {isa = PBXBuildFile; fileRef = AAA1A18D29F02352003F153F /* ChessOpeningTrainerTests.swift */; };
		AAA1A19829F02352003F153F /* ChessOpeningTrainerUITests.swift in Sources */ = {isa = PBXBuildFile; fileRef = AAA1A19729F02352003F153F /* ChessOpeningTrainerUITests.swift */; };
		AAA1A19A29F02352003F153F /* ChessOpeningTrainerUITestsLaunchTests.swift in Sources */ = {isa = PBXBuildFile; fileRef = AAA1A19929F02352003F153F /* ChessOpeningTrainerUITestsLaunchTests.swift */; };
		AAA1A1CA29F2CC44003F153F /* ArrowShape.swift in Sources */ = {isa = PBXBuildFile; fileRef = AAA1A1C929F2CC44003F153F /* ArrowShape.swift */; };
		AAA1A1D529F415F9003F153F /* DataBase.swift in Sources */ = {isa = PBXBuildFile; fileRef = AAA1A1D429F415F9003F153F /* DataBase.swift */; };
		AAA1A1D729F42E7F003F153F /* AddStudyView.swift in Sources */ = {isa = PBXBuildFile; fileRef = AAA1A1D629F42E7F003F153F /* AddStudyView.swift */; };
		AAA1A1E029F56F32003F153F /* ExamplePGN.swift in Sources */ = {isa = PBXBuildFile; fileRef = AAA1A1DF29F56F32003F153F /* ExamplePGN.swift */; };
		AAA1A1E829F6DB3F003F153F /* SettingsView.swift in Sources */ = {isa = PBXBuildFile; fileRef = AAA1A1E729F6DB3F003F153F /* SettingsView.swift */; };
		AAA1A1EA29F6DDD6003F153F /* Settings.swift in Sources */ = {isa = PBXBuildFile; fileRef = AAA1A1E929F6DDD6003F153F /* Settings.swift */; };
		AAB3C3062A0157490094FAB2 /* exampleCaroKannGoldman.pgn in Resources */ = {isa = PBXBuildFile; fileRef = AAB3C3052A0157490094FAB2 /* exampleCaroKannGoldman.pgn */; };
		AAB3C3082A0159410094FAB2 /* exampleSmithMorra.pgn in Resources */ = {isa = PBXBuildFile; fileRef = AAB3C3072A0159410094FAB2 /* exampleSmithMorra.pgn */; };
		AAB3C30A2A01594F0094FAB2 /* exampleScotchGambit.pgn in Resources */ = {isa = PBXBuildFile; fileRef = AAB3C3092A01594F0094FAB2 /* exampleScotchGambit.pgn */; };
		AAB3C30C2A01595F0094FAB2 /* exampleDanishRefutation.pgn in Resources */ = {isa = PBXBuildFile; fileRef = AAB3C30B2A01595F0094FAB2 /* exampleDanishRefutation.pgn */; };
		AAB3C30E2A0159730094FAB2 /* exampleEnglundRefutation.pgn in Resources */ = {isa = PBXBuildFile; fileRef = AAB3C30D2A0159730094FAB2 /* exampleEnglundRefutation.pgn */; };
		AAB5A6E22A18FCD3007F1302 /* HelpExplorerView.swift in Sources */ = {isa = PBXBuildFile; fileRef = AAB5A6E12A18FCD3007F1302 /* HelpExplorerView.swift */; };
		AAB5A6E42A1916E2007F1302 /* HelpExplorerPageView.swift in Sources */ = {isa = PBXBuildFile; fileRef = AAB5A6E32A1916E2007F1302 /* HelpExplorerPageView.swift */; };
		AAB65E382A486CFD002FB687 /* MoveGridView.swift in Sources */ = {isa = PBXBuildFile; fileRef = AAB65E372A486CFD002FB687 /* MoveGridView.swift */; };
		AABC59792A461E9D00E9C17A /* AppControlViewModel.swift in Sources */ = {isa = PBXBuildFile; fileRef = AABC59782A461E9D00E9C17A /* AppControlViewModel.swift */; };
		AAC6431129F8205D00D1C12E /* AcknowledgementsView.swift in Sources */ = {isa = PBXBuildFile; fileRef = AAC6431029F8205D00D1C12E /* AcknowledgementsView.swift */; };
		AAC6431429F9374100D1C12E /* ImpressumView.swift in Sources */ = {isa = PBXBuildFile; fileRef = AAC6431329F9374100D1C12E /* ImpressumView.swift */; };
		AAC6431629F9374B00D1C12E /* PrivacyView.swift in Sources */ = {isa = PBXBuildFile; fileRef = AAC6431529F9374B00D1C12E /* PrivacyView.swift */; };
		AAC6431A29F97B5000D1C12E /* BulletList.swift in Sources */ = {isa = PBXBuildFile; fileRef = AAC6431929F97B5000D1C12E /* BulletList.swift */; };
		AAC889A329F7DD3A0079ECE5 /* Extension.swift in Sources */ = {isa = PBXBuildFile; fileRef = AAC889A229F7DD3A0079ECE5 /* Extension.swift */; };
		AAC889A529F802450079ECE5 /* PGNHelpView.swift in Sources */ = {isa = PBXBuildFile; fileRef = AAC889A429F802450079ECE5 /* PGNHelpView.swift */; };
		AACF65482A33C0750058893F /* GameNode.swift in Sources */ = {isa = PBXBuildFile; fileRef = AACF65472A33C0750058893F /* GameNode.swift */; };
		AACF654A2A33C5150058893F /* GameTree.swift in Sources */ = {isa = PBXBuildFile; fileRef = AACF65492A33C5150058893F /* GameTree.swift */; };
		AACF654C2A3482390058893F /* MoveNode.swift in Sources */ = {isa = PBXBuildFile; fileRef = AACF654B2A3482390058893F /* MoveNode.swift */; };
		AAD219632A1CECE6005BB0FE /* SwitchStudyView.swift in Sources */ = {isa = PBXBuildFile; fileRef = AAD219622A1CECE6005BB0FE /* SwitchStudyView.swift */; };
		AAD283F82A3B5C07002D5BF7 /* ChessKit in Frameworks */ = {isa = PBXBuildFile; productRef = AAD283F72A3B5C07002D5BF7 /* ChessKit */; };
		AAD284002A3B7C00002D5BF7 /* ShareViewController.swift in Sources */ = {isa = PBXBuildFile; fileRef = AAD283FF2A3B7C00002D5BF7 /* ShareViewController.swift */; };
		AAD284072A3B7C00002D5BF7 /* OpeningsMastermindShareExtension.appex in Embed Foundation Extensions */ = {isa = PBXBuildFile; fileRef = AAD283FD2A3B7C00002D5BF7 /* OpeningsMastermindShareExtension.appex */; settings = {ATTRIBUTES = (RemoveHeadersOnCopy, ); }; };
		AAD284112A3C5AAF002D5BF7 /* PracticeCenterViewModel.swift in Sources */ = {isa = PBXBuildFile; fileRef = AAD284102A3C5AAF002D5BF7 /* PracticeCenterViewModel.swift */; };
		AADF267E2A16169600CF40ED /* ParentChessBoardProtocol.swift in Sources */ = {isa = PBXBuildFile; fileRef = AADF267D2A16169600CF40ED /* ParentChessBoardProtocol.swift */; };
		AADF26802A16192400CF40ED /* ExploreViewModel.swift in Sources */ = {isa = PBXBuildFile; fileRef = AADF267F2A16192400CF40ED /* ExploreViewModel.swift */; };
		AADF26822A161A7200CF40ED /* ExploreView.swift in Sources */ = {isa = PBXBuildFile; fileRef = AADF26812A161A7200CF40ED /* ExploreView.swift */; };
		AADF268C2A16708100CF40ED /* MoveListView.swift in Sources */ = {isa = PBXBuildFile; fileRef = AADF268B2A16708100CF40ED /* MoveListView.swift */; };
		AADF268E2A16B94E00CF40ED /* HomeView.swift in Sources */ = {isa = PBXBuildFile; fileRef = AADF268D2A16B94E00CF40ED /* HomeView.swift */; };
		AADF269B2A178CF300CF40ED /* LichessExplorerView.swift in Sources */ = {isa = PBXBuildFile; fileRef = AADF269A2A178CF300CF40ED /* LichessExplorerView.swift */; };
		AADF269D2A178D3700CF40ED /* LichessOpeningData.swift in Sources */ = {isa = PBXBuildFile; fileRef = AADF269C2A178D3700CF40ED /* LichessOpeningData.swift */; };
		AADF269F2A17AF4300CF40ED /* LichessUserData.swift in Sources */ = {isa = PBXBuildFile; fileRef = AADF269E2A17AF4300CF40ED /* LichessUserData.swift */; };
		AAE367F82A0BED95006A2574 /* ChessBoardViewModel.swift in Sources */ = {isa = PBXBuildFile; fileRef = AAE367F72A0BED95006A2574 /* ChessBoardViewModel.swift */; };
		AAE4C6D92A362E6100638E87 /* GameNodeOld.swift in Sources */ = {isa = PBXBuildFile; fileRef = AAA1A1B629F14CAC003F153F /* GameNodeOld.swift */; };
		AAE4C6DA2A362E6100638E87 /* GameTreeOld.swift in Sources */ = {isa = PBXBuildFile; fileRef = AAA1A1B829F14D33003F153F /* GameTreeOld.swift */; };
		AAE4C6DC2A370A5400638E87 /* LoadingView.swift in Sources */ = {isa = PBXBuildFile; fileRef = AAE4C6DB2A370A5400638E87 /* LoadingView.swift */; };
		AAE4C6DE2A3710AC00638E87 /* PGNDecoder.swift in Sources */ = {isa = PBXBuildFile; fileRef = AAE4C6DD2A3710AC00638E87 /* PGNDecoder.swift */; };
		AAF1D5D52A9E3A1400797F49 /* EngineClass.swift in Sources */ = {isa = PBXBuildFile; fileRef = AAF1D5D42A9E3A1400797F49 /* EngineClass.swift */; };
		AAF1D5D72A9E4AD400797F49 /* AddStudyViewModel.swift in Sources */ = {isa = PBXBuildFile; fileRef = AAF1D5D62A9E4AD400797F49 /* AddStudyViewModel.swift */; };
		AAF1D5D92A9F622000797F49 /* CustomToggle.swift in Sources */ = {isa = PBXBuildFile; fileRef = AAF1D5D82A9F622000797F49 /* CustomToggle.swift */; };
		AAF78B9B2A07B35B00FC8282 /* ProgressBarView.swift in Sources */ = {isa = PBXBuildFile; fileRef = AAF78B9A2A07B35B00FC8282 /* ProgressBarView.swift */; };
/* End PBXBuildFile section */

/* Begin PBXContainerItemProxy section */
		AAA1A18A29F02352003F153F /* PBXContainerItemProxy */ = {
			isa = PBXContainerItemProxy;
			containerPortal = AAA1A17029F02351003F153F /* Project object */;
			proxyType = 1;
			remoteGlobalIDString = AAA1A17729F02351003F153F;
			remoteInfo = ChessOpeningTrainer;
		};
		AAA1A19429F02352003F153F /* PBXContainerItemProxy */ = {
			isa = PBXContainerItemProxy;
			containerPortal = AAA1A17029F02351003F153F /* Project object */;
			proxyType = 1;
			remoteGlobalIDString = AAA1A17729F02351003F153F;
			remoteInfo = ChessOpeningTrainer;
		};
		AAD284052A3B7C00002D5BF7 /* PBXContainerItemProxy */ = {
			isa = PBXContainerItemProxy;
			containerPortal = AAA1A17029F02351003F153F /* Project object */;
			proxyType = 1;
			remoteGlobalIDString = AAD283FC2A3B7C00002D5BF7;
			remoteInfo = OpeningsMastermindShareExtension;
		};
/* End PBXContainerItemProxy section */

/* Begin PBXCopyFilesBuildPhase section */
		AAB5A80C2A1A3161007F1302 /* Copy Files */ = {
			isa = PBXCopyFilesBuildPhase;
			buildActionMask = 2147483647;
			dstPath = "";
			dstSubfolderSpec = 7;
			files = (
			);
			name = "Copy Files";
			runOnlyForDeploymentPostprocessing = 0;
		};
		AAD2840B2A3B7C00002D5BF7 /* Embed Foundation Extensions */ = {
			isa = PBXCopyFilesBuildPhase;
			buildActionMask = 2147483647;
			dstPath = "";
			dstSubfolderSpec = 13;
			files = (
				AAD284072A3B7C00002D5BF7 /* OpeningsMastermindShareExtension.appex in Embed Foundation Extensions */,
			);
			name = "Embed Foundation Extensions";
			runOnlyForDeploymentPostprocessing = 0;
		};
/* End PBXCopyFilesBuildPhase section */

/* Begin PBXFileReference section */
		AA41EF012A1CE19900FDB639 /* GNULicence.swift */ = {isa = PBXFileReference; lastKnownFileType = sourcecode.swift; path = GNULicence.swift; sourceTree = "<group>"; };
		AA4786BA2A1A8AC800BB4144 /* EvalBarView.swift */ = {isa = PBXFileReference; lastKnownFileType = sourcecode.swift; path = EvalBarView.swift; sourceTree = "<group>"; };
		AA4786BC2A1B880A00BB4144 /* SelectStudyView.swift */ = {isa = PBXFileReference; lastKnownFileType = sourcecode.swift; path = SelectStudyView.swift; sourceTree = "<group>"; };
		AA5EA3CC2A067BCD0033AB7C /* PawnPromotionView.swift */ = {isa = PBXFileReference; lastKnownFileType = sourcecode.swift; path = PawnPromotionView.swift; sourceTree = "<group>"; };
		AA6960762A05403F00A593BB /* ListView.swift */ = {isa = PBXFileReference; lastKnownFileType = sourcecode.swift; path = ListView.swift; sourceTree = "<group>"; };
		AA6960782A05460700A593BB /* PracticeView.swift */ = {isa = PBXFileReference; lastKnownFileType = sourcecode.swift; path = PracticeView.swift; sourceTree = "<group>"; };
		AA69607A2A05461700A593BB /* ChessboardView.swift */ = {isa = PBXFileReference; lastKnownFileType = sourcecode.swift; path = ChessboardView.swift; sourceTree = "<group>"; };
		AA69607C2A06473800A593BB /* PracticeViewModel.swift */ = {isa = PBXFileReference; lastKnownFileType = sourcecode.swift; path = PracticeViewModel.swift; sourceTree = "<group>"; };
		AA6A8B7A2A38822C003DA1C2 /* PracticeCenterView.swift */ = {isa = PBXFileReference; lastKnownFileType = sourcecode.swift; path = PracticeCenterView.swift; sourceTree = "<group>"; };
		AA6A8B7C2A38BDF1003DA1C2 /* DisplayBoardViewModel.swift */ = {isa = PBXFileReference; lastKnownFileType = sourcecode.swift; path = DisplayBoardViewModel.swift; sourceTree = "<group>"; };
		AA6A8B7E2A38C02E003DA1C2 /* GameState.swift */ = {isa = PBXFileReference; lastKnownFileType = sourcecode.swift; path = GameState.swift; sourceTree = "<group>"; };
		AA7A71332A4D733200A60706 /* PopoverViewModifier.swift */ = {isa = PBXFileReference; lastKnownFileType = sourcecode.swift; path = PopoverViewModifier.swift; sourceTree = "<group>"; };
		AA87F3DC2A013A34009D7017 /* AnnotationView.swift */ = {isa = PBXFileReference; lastKnownFileType = sourcecode.swift; path = AnnotationView.swift; sourceTree = "<group>"; };
		AA930ED72A093D4100026712 /* BoxArrowShape.swift */ = {isa = PBXFileReference; lastKnownFileType = sourcecode.swift; path = BoxArrowShape.swift; sourceTree = "<group>"; };
		AA930ED92A09765200026712 /* SortingMethod.swift */ = {isa = PBXFileReference; lastKnownFileType = sourcecode.swift; path = SortingMethod.swift; sourceTree = "<group>"; };
		AAA1A17829F02351003F153F /* OpeningsMastermind.app */ = {isa = PBXFileReference; explicitFileType = wrapper.application; includeInIndex = 0; path = OpeningsMastermind.app; sourceTree = BUILT_PRODUCTS_DIR; };
		AAA1A17B29F02351003F153F /* OpeningsMastermindApp.swift */ = {isa = PBXFileReference; lastKnownFileType = sourcecode.swift; path = OpeningsMastermindApp.swift; sourceTree = "<group>"; };
		AAA1A17D29F02351003F153F /* ContentView.swift */ = {isa = PBXFileReference; lastKnownFileType = sourcecode.swift; path = ContentView.swift; sourceTree = "<group>"; };
		AAA1A17F29F02352003F153F /* Assets.xcassets */ = {isa = PBXFileReference; lastKnownFileType = folder.assetcatalog; path = Assets.xcassets; sourceTree = "<group>"; };
		AAA1A18129F02352003F153F /* OpeningsMastermind.entitlements */ = {isa = PBXFileReference; lastKnownFileType = text.plist.entitlements; path = OpeningsMastermind.entitlements; sourceTree = "<group>"; };
		AAA1A18329F02352003F153F /* Preview Assets.xcassets */ = {isa = PBXFileReference; lastKnownFileType = folder.assetcatalog; path = "Preview Assets.xcassets"; sourceTree = "<group>"; };
		AAA1A18929F02352003F153F /* OpeningsMastermindTests.xctest */ = {isa = PBXFileReference; explicitFileType = wrapper.cfbundle; includeInIndex = 0; path = OpeningsMastermindTests.xctest; sourceTree = BUILT_PRODUCTS_DIR; };
		AAA1A18D29F02352003F153F /* ChessOpeningTrainerTests.swift */ = {isa = PBXFileReference; lastKnownFileType = sourcecode.swift; path = ChessOpeningTrainerTests.swift; sourceTree = "<group>"; };
		AAA1A19329F02352003F153F /* OpeningsMastermindUITests.xctest */ = {isa = PBXFileReference; explicitFileType = wrapper.cfbundle; includeInIndex = 0; path = OpeningsMastermindUITests.xctest; sourceTree = BUILT_PRODUCTS_DIR; };
		AAA1A19729F02352003F153F /* ChessOpeningTrainerUITests.swift */ = {isa = PBXFileReference; lastKnownFileType = sourcecode.swift; path = ChessOpeningTrainerUITests.swift; sourceTree = "<group>"; };
		AAA1A19929F02352003F153F /* ChessOpeningTrainerUITestsLaunchTests.swift */ = {isa = PBXFileReference; lastKnownFileType = sourcecode.swift; path = ChessOpeningTrainerUITestsLaunchTests.swift; sourceTree = "<group>"; };
		AAA1A1B629F14CAC003F153F /* GameNodeOld.swift */ = {isa = PBXFileReference; lastKnownFileType = sourcecode.swift; path = GameNodeOld.swift; sourceTree = "<group>"; };
		AAA1A1B829F14D33003F153F /* GameTreeOld.swift */ = {isa = PBXFileReference; lastKnownFileType = sourcecode.swift; path = GameTreeOld.swift; sourceTree = "<group>"; };
		AAA1A1C929F2CC44003F153F /* ArrowShape.swift */ = {isa = PBXFileReference; lastKnownFileType = sourcecode.swift; path = ArrowShape.swift; sourceTree = "<group>"; };
		AAA1A1D429F415F9003F153F /* DataBase.swift */ = {isa = PBXFileReference; lastKnownFileType = sourcecode.swift; path = DataBase.swift; sourceTree = "<group>"; };
		AAA1A1D629F42E7F003F153F /* AddStudyView.swift */ = {isa = PBXFileReference; lastKnownFileType = sourcecode.swift; path = AddStudyView.swift; sourceTree = "<group>"; };
		AAA1A1DF29F56F32003F153F /* ExamplePGN.swift */ = {isa = PBXFileReference; lastKnownFileType = sourcecode.swift; path = ExamplePGN.swift; sourceTree = "<group>"; };
		AAA1A1E729F6DB3F003F153F /* SettingsView.swift */ = {isa = PBXFileReference; lastKnownFileType = sourcecode.swift; path = SettingsView.swift; sourceTree = "<group>"; };
		AAA1A1E929F6DDD6003F153F /* Settings.swift */ = {isa = PBXFileReference; lastKnownFileType = sourcecode.swift; path = Settings.swift; sourceTree = "<group>"; };
		AAB3C3052A0157490094FAB2 /* exampleCaroKannGoldman.pgn */ = {isa = PBXFileReference; fileEncoding = 4; lastKnownFileType = text; path = exampleCaroKannGoldman.pgn; sourceTree = "<group>"; };
		AAB3C3072A0159410094FAB2 /* exampleSmithMorra.pgn */ = {isa = PBXFileReference; fileEncoding = 4; lastKnownFileType = text; path = exampleSmithMorra.pgn; sourceTree = "<group>"; };
		AAB3C3092A01594F0094FAB2 /* exampleScotchGambit.pgn */ = {isa = PBXFileReference; fileEncoding = 4; lastKnownFileType = text; path = exampleScotchGambit.pgn; sourceTree = "<group>"; };
		AAB3C30B2A01595F0094FAB2 /* exampleDanishRefutation.pgn */ = {isa = PBXFileReference; fileEncoding = 4; lastKnownFileType = text; path = exampleDanishRefutation.pgn; sourceTree = "<group>"; };
		AAB3C30D2A0159730094FAB2 /* exampleEnglundRefutation.pgn */ = {isa = PBXFileReference; fileEncoding = 4; lastKnownFileType = text; path = exampleEnglundRefutation.pgn; sourceTree = "<group>"; };
		AAB5A6E12A18FCD3007F1302 /* HelpExplorerView.swift */ = {isa = PBXFileReference; lastKnownFileType = sourcecode.swift; path = HelpExplorerView.swift; sourceTree = "<group>"; };
		AAB5A6E32A1916E2007F1302 /* HelpExplorerPageView.swift */ = {isa = PBXFileReference; lastKnownFileType = sourcecode.swift; path = HelpExplorerPageView.swift; sourceTree = "<group>"; };
		AAB65E372A486CFD002FB687 /* MoveGridView.swift */ = {isa = PBXFileReference; lastKnownFileType = sourcecode.swift; path = MoveGridView.swift; sourceTree = "<group>"; };
		AABC59782A461E9D00E9C17A /* AppControlViewModel.swift */ = {isa = PBXFileReference; lastKnownFileType = sourcecode.swift; path = AppControlViewModel.swift; sourceTree = "<group>"; };
		AAC6431029F8205D00D1C12E /* AcknowledgementsView.swift */ = {isa = PBXFileReference; lastKnownFileType = sourcecode.swift; path = AcknowledgementsView.swift; sourceTree = "<group>"; };
		AAC6431329F9374100D1C12E /* ImpressumView.swift */ = {isa = PBXFileReference; lastKnownFileType = sourcecode.swift; path = ImpressumView.swift; sourceTree = "<group>"; };
		AAC6431529F9374B00D1C12E /* PrivacyView.swift */ = {isa = PBXFileReference; lastKnownFileType = sourcecode.swift; path = PrivacyView.swift; sourceTree = "<group>"; };
		AAC6431929F97B5000D1C12E /* BulletList.swift */ = {isa = PBXFileReference; lastKnownFileType = sourcecode.swift; path = BulletList.swift; sourceTree = "<group>"; };
		AAC6431D29FA821800D1C12E /* Info.plist */ = {isa = PBXFileReference; lastKnownFileType = text.plist; path = Info.plist; sourceTree = "<group>"; };
		AAC889A229F7DD3A0079ECE5 /* Extension.swift */ = {isa = PBXFileReference; lastKnownFileType = sourcecode.swift; path = Extension.swift; sourceTree = "<group>"; };
		AAC889A429F802450079ECE5 /* PGNHelpView.swift */ = {isa = PBXFileReference; lastKnownFileType = sourcecode.swift; path = PGNHelpView.swift; sourceTree = "<group>"; };
		AACF65472A33C0750058893F /* GameNode.swift */ = {isa = PBXFileReference; lastKnownFileType = sourcecode.swift; path = GameNode.swift; sourceTree = "<group>"; };
		AACF65492A33C5150058893F /* GameTree.swift */ = {isa = PBXFileReference; lastKnownFileType = sourcecode.swift; path = GameTree.swift; sourceTree = "<group>"; };
		AACF654B2A3482390058893F /* MoveNode.swift */ = {isa = PBXFileReference; lastKnownFileType = sourcecode.swift; path = MoveNode.swift; sourceTree = "<group>"; };
		AAD219622A1CECE6005BB0FE /* SwitchStudyView.swift */ = {isa = PBXFileReference; fileEncoding = 4; lastKnownFileType = sourcecode.swift; path = SwitchStudyView.swift; sourceTree = "<group>"; };
		AAD283FD2A3B7C00002D5BF7 /* OpeningsMastermindShareExtension.appex */ = {isa = PBXFileReference; explicitFileType = "wrapper.app-extension"; includeInIndex = 0; path = OpeningsMastermindShareExtension.appex; sourceTree = BUILT_PRODUCTS_DIR; };
		AAD283FF2A3B7C00002D5BF7 /* ShareViewController.swift */ = {isa = PBXFileReference; lastKnownFileType = sourcecode.swift; path = ShareViewController.swift; sourceTree = "<group>"; };
		AAD284042A3B7C00002D5BF7 /* Info.plist */ = {isa = PBXFileReference; lastKnownFileType = text.plist.xml; path = Info.plist; sourceTree = "<group>"; };
		AAD284102A3C5AAF002D5BF7 /* PracticeCenterViewModel.swift */ = {isa = PBXFileReference; lastKnownFileType = sourcecode.swift; path = PracticeCenterViewModel.swift; sourceTree = "<group>"; };
		AADF267D2A16169600CF40ED /* ParentChessBoardProtocol.swift */ = {isa = PBXFileReference; lastKnownFileType = sourcecode.swift; path = ParentChessBoardProtocol.swift; sourceTree = "<group>"; };
		AADF267F2A16192400CF40ED /* ExploreViewModel.swift */ = {isa = PBXFileReference; lastKnownFileType = sourcecode.swift; path = ExploreViewModel.swift; sourceTree = "<group>"; };
		AADF26812A161A7200CF40ED /* ExploreView.swift */ = {isa = PBXFileReference; lastKnownFileType = sourcecode.swift; path = ExploreView.swift; sourceTree = "<group>"; };
		AADF268B2A16708100CF40ED /* MoveListView.swift */ = {isa = PBXFileReference; lastKnownFileType = sourcecode.swift; path = MoveListView.swift; sourceTree = "<group>"; };
		AADF268D2A16B94E00CF40ED /* HomeView.swift */ = {isa = PBXFileReference; lastKnownFileType = sourcecode.swift; path = HomeView.swift; sourceTree = "<group>"; };
		AADF269A2A178CF300CF40ED /* LichessExplorerView.swift */ = {isa = PBXFileReference; lastKnownFileType = sourcecode.swift; path = LichessExplorerView.swift; sourceTree = "<group>"; };
		AADF269C2A178D3700CF40ED /* LichessOpeningData.swift */ = {isa = PBXFileReference; lastKnownFileType = sourcecode.swift; path = LichessOpeningData.swift; sourceTree = "<group>"; };
		AADF269E2A17AF4300CF40ED /* LichessUserData.swift */ = {isa = PBXFileReference; lastKnownFileType = sourcecode.swift; path = LichessUserData.swift; sourceTree = "<group>"; };
		AAE367F72A0BED95006A2574 /* ChessBoardViewModel.swift */ = {isa = PBXFileReference; lastKnownFileType = sourcecode.swift; path = ChessBoardViewModel.swift; sourceTree = "<group>"; };
		AAE4C6DB2A370A5400638E87 /* LoadingView.swift */ = {isa = PBXFileReference; lastKnownFileType = sourcecode.swift; path = LoadingView.swift; sourceTree = "<group>"; };
		AAE4C6DD2A3710AC00638E87 /* PGNDecoder.swift */ = {isa = PBXFileReference; lastKnownFileType = sourcecode.swift; path = PGNDecoder.swift; sourceTree = "<group>"; };
		AAF1D5D42A9E3A1400797F49 /* EngineClass.swift */ = {isa = PBXFileReference; fileEncoding = 4; lastKnownFileType = sourcecode.swift; path = EngineClass.swift; sourceTree = "<group>"; };
		AAF1D5D62A9E4AD400797F49 /* AddStudyViewModel.swift */ = {isa = PBXFileReference; lastKnownFileType = sourcecode.swift; path = AddStudyViewModel.swift; sourceTree = "<group>"; };
		AAF1D5D82A9F622000797F49 /* CustomToggle.swift */ = {isa = PBXFileReference; lastKnownFileType = sourcecode.swift; path = CustomToggle.swift; sourceTree = "<group>"; };
		AAF78B9A2A07B35B00FC8282 /* ProgressBarView.swift */ = {isa = PBXFileReference; lastKnownFileType = sourcecode.swift; path = ProgressBarView.swift; sourceTree = "<group>"; };
/* End PBXFileReference section */

/* Begin PBXFrameworksBuildPhase section */
		AAA1A17529F02351003F153F /* Frameworks */ = {
			isa = PBXFrameworksBuildPhase;
			buildActionMask = 2147483647;
			files = (
				AAD283F82A3B5C07002D5BF7 /* ChessKit in Frameworks */,
				AA4786B92A1A83E100BB4144 /* ChessKitEngine in Frameworks */,
			);
			runOnlyForDeploymentPostprocessing = 0;
		};
		AAA1A18629F02352003F153F /* Frameworks */ = {
			isa = PBXFrameworksBuildPhase;
			buildActionMask = 2147483647;
			files = (
			);
			runOnlyForDeploymentPostprocessing = 0;
		};
		AAA1A19029F02352003F153F /* Frameworks */ = {
			isa = PBXFrameworksBuildPhase;
			buildActionMask = 2147483647;
			files = (
			);
			runOnlyForDeploymentPostprocessing = 0;
		};
		AAD283FA2A3B7C00002D5BF7 /* Frameworks */ = {
			isa = PBXFrameworksBuildPhase;
			buildActionMask = 2147483647;
			files = (
			);
			runOnlyForDeploymentPostprocessing = 0;
		};
/* End PBXFrameworksBuildPhase section */

/* Begin PBXGroup section */
		AA5EA3C92A0655430033AB7C /* ViewModels */ = {
			isa = PBXGroup;
			children = (
				AA69607C2A06473800A593BB /* PracticeViewModel.swift */,
				AADF267F2A16192400CF40ED /* ExploreViewModel.swift */,
				AAD284102A3C5AAF002D5BF7 /* PracticeCenterViewModel.swift */,
				AAF1D5D62A9E4AD400797F49 /* AddStudyViewModel.swift */,
				AABC59782A461E9D00E9C17A /* AppControlViewModel.swift */,
				AA6A8B7C2A38BDF1003DA1C2 /* DisplayBoardViewModel.swift */,
				AAE367F72A0BED95006A2574 /* ChessBoardViewModel.swift */,
				AADF267D2A16169600CF40ED /* ParentChessBoardProtocol.swift */,
			);
			path = ViewModels;
			sourceTree = "<group>";
		};
		AA930EDF2A0A4C1B00026712 /* Frameworks */ = {
			isa = PBXGroup;
			children = (
			);
			name = Frameworks;
			sourceTree = "<group>";
		};
		AAA1A16F29F02351003F153F = {
			isa = PBXGroup;
			children = (
				AAA1A17A29F02351003F153F /* OpeningsMastermind */,
				AAA1A18C29F02352003F153F /* OpeningsMastermindTests */,
				AAA1A19629F02352003F153F /* OpeningsMastermindUITests */,
				AAD283FE2A3B7C00002D5BF7 /* OpeningsMastermindShareExtension */,
				AAA1A17929F02351003F153F /* Products */,
				AA930EDF2A0A4C1B00026712 /* Frameworks */,
			);
			sourceTree = "<group>";
		};
		AAA1A17929F02351003F153F /* Products */ = {
			isa = PBXGroup;
			children = (
				AAA1A17829F02351003F153F /* OpeningsMastermind.app */,
				AAA1A18929F02352003F153F /* OpeningsMastermindTests.xctest */,
				AAA1A19329F02352003F153F /* OpeningsMastermindUITests.xctest */,
				AAD283FD2A3B7C00002D5BF7 /* OpeningsMastermindShareExtension.appex */,
			);
			name = Products;
			sourceTree = "<group>";
		};
		AAA1A17A29F02351003F153F /* OpeningsMastermind */ = {
			isa = PBXGroup;
			children = (
				AAC6431D29FA821800D1C12E /* Info.plist */,
				AAA1A17B29F02351003F153F /* OpeningsMastermindApp.swift */,
				AAA1A1D829F44345003F153F /* Views */,
				AAA1A1DA29F44360003F153F /* Shapes */,
				AA5EA3C92A0655430033AB7C /* ViewModels */,
				AAA1A1D929F44353003F153F /* DataStructure */,
				AAA1A1E429F66CB3003F153F /* Data */,
				AAC889A229F7DD3A0079ECE5 /* Extension.swift */,
				AAE4C6DF2A3711A200638E87 /* OldFiles */,
				AAE4C6DD2A3710AC00638E87 /* PGNDecoder.swift */,
				AAF1D5D42A9E3A1400797F49 /* EngineClass.swift */,
				AAA1A17F29F02352003F153F /* Assets.xcassets */,
				AAA1A18129F02352003F153F /* OpeningsMastermind.entitlements */,
				AAA1A18229F02352003F153F /* Preview Content */,
			);
			path = OpeningsMastermind;
			sourceTree = "<group>";
		};
		AAA1A18229F02352003F153F /* Preview Content */ = {
			isa = PBXGroup;
			children = (
				AAA1A18329F02352003F153F /* Preview Assets.xcassets */,
			);
			path = "Preview Content";
			sourceTree = "<group>";
		};
		AAA1A18C29F02352003F153F /* OpeningsMastermindTests */ = {
			isa = PBXGroup;
			children = (
				AAA1A18D29F02352003F153F /* ChessOpeningTrainerTests.swift */,
			);
			path = OpeningsMastermindTests;
			sourceTree = "<group>";
		};
		AAA1A19629F02352003F153F /* OpeningsMastermindUITests */ = {
			isa = PBXGroup;
			children = (
				AAA1A19729F02352003F153F /* ChessOpeningTrainerUITests.swift */,
				AAA1A19929F02352003F153F /* ChessOpeningTrainerUITestsLaunchTests.swift */,
			);
			path = OpeningsMastermindUITests;
			sourceTree = "<group>";
		};
		AAA1A1D829F44345003F153F /* Views */ = {
			isa = PBXGroup;
			children = (
				AAA1A1D629F42E7F003F153F /* AddStudyView.swift */,
				AA69607A2A05461700A593BB /* ChessboardView.swift */,
				AAA1A17D29F02351003F153F /* ContentView.swift */,
				AA4786BA2A1A8AC800BB4144 /* EvalBarView.swift */,
				AADF26812A161A7200CF40ED /* ExploreView.swift */,
				AAB5A6E02A18FCBC007F1302 /* HelpViews */,
				AADF268D2A16B94E00CF40ED /* HomeView.swift */,
				AADF269A2A178CF300CF40ED /* LichessExplorerView.swift */,
				AA6960762A05403F00A593BB /* ListView.swift */,
				AAE4C6DB2A370A5400638E87 /* LoadingView.swift */,
				AADF268B2A16708100CF40ED /* MoveListView.swift */,
				AAB65E372A486CFD002FB687 /* MoveGridView.swift */,
				AA5EA3CC2A067BCD0033AB7C /* PawnPromotionView.swift */,
				AAC889A429F802450079ECE5 /* PGNHelpView.swift */,
				AA6960782A05460700A593BB /* PracticeView.swift */,
				AA6A8B7A2A38822C003DA1C2 /* PracticeCenterView.swift */,
				AA7A71332A4D733200A60706 /* PopoverViewModifier.swift */,
				AAF78B9A2A07B35B00FC8282 /* ProgressBarView.swift */,
				AA4786BC2A1B880A00BB4144 /* SelectStudyView.swift */,
				AAA1A1E729F6DB3F003F153F /* SettingsView.swift */,
				AAC6431229F8206600D1C12E /* SubSettings */,
				AAD219622A1CECE6005BB0FE /* SwitchStudyView.swift */,
			);
			path = Views;
			sourceTree = "<group>";
		};
		AAA1A1D929F44353003F153F /* DataStructure */ = {
			isa = PBXGroup;
			children = (
				AAA1A1D429F415F9003F153F /* DataBase.swift */,
				AA930ED92A09765200026712 /* SortingMethod.swift */,
				AADF269C2A178D3700CF40ED /* LichessOpeningData.swift */,
				AADF269E2A17AF4300CF40ED /* LichessUserData.swift */,
				AACF65472A33C0750058893F /* GameNode.swift */,
				AACF654B2A3482390058893F /* MoveNode.swift */,
				AACF65492A33C5150058893F /* GameTree.swift */,
				AAA1A1E929F6DDD6003F153F /* Settings.swift */,
				AA6A8B7E2A38C02E003DA1C2 /* GameState.swift */,
			);
			path = DataStructure;
			sourceTree = "<group>";
		};
		AAA1A1DA29F44360003F153F /* Shapes */ = {
			isa = PBXGroup;
			children = (
				AA87F3DC2A013A34009D7017 /* AnnotationView.swift */,
				AAF1D5D82A9F622000797F49 /* CustomToggle.swift */,
				AAA1A1C929F2CC44003F153F /* ArrowShape.swift */,
				AA930ED72A093D4100026712 /* BoxArrowShape.swift */,
			);
			path = Shapes;
			sourceTree = "<group>";
		};
		AAA1A1E429F66CB3003F153F /* Data */ = {
			isa = PBXGroup;
			children = (
				AA41EF012A1CE19900FDB639 /* GNULicence.swift */,
				AAB3C30B2A01595F0094FAB2 /* exampleDanishRefutation.pgn */,
				AAB3C30D2A0159730094FAB2 /* exampleEnglundRefutation.pgn */,
				AAB3C3092A01594F0094FAB2 /* exampleScotchGambit.pgn */,
				AAB3C3072A0159410094FAB2 /* exampleSmithMorra.pgn */,
				AAB3C3052A0157490094FAB2 /* exampleCaroKannGoldman.pgn */,
				AAA1A1DF29F56F32003F153F /* ExamplePGN.swift */,
			);
			path = Data;
			sourceTree = "<group>";
		};
		AAB5A6E02A18FCBC007F1302 /* HelpViews */ = {
			isa = PBXGroup;
			children = (
				AAB5A6E32A1916E2007F1302 /* HelpExplorerPageView.swift */,
				AAB5A6E12A18FCD3007F1302 /* HelpExplorerView.swift */,
			);
			path = HelpViews;
			sourceTree = "<group>";
		};
		AAC6431229F8206600D1C12E /* SubSettings */ = {
			isa = PBXGroup;
			children = (
				AAC6431029F8205D00D1C12E /* AcknowledgementsView.swift */,
				AAC6431529F9374B00D1C12E /* PrivacyView.swift */,
				AAC6431929F97B5000D1C12E /* BulletList.swift */,
				AAC6431329F9374100D1C12E /* ImpressumView.swift */,
			);
			path = SubSettings;
			sourceTree = "<group>";
		};
		AAD283FE2A3B7C00002D5BF7 /* OpeningsMastermindShareExtension */ = {
			isa = PBXGroup;
			children = (
				AAD283FF2A3B7C00002D5BF7 /* ShareViewController.swift */,
				AAD284042A3B7C00002D5BF7 /* Info.plist */,
			);
			path = OpeningsMastermindShareExtension;
			sourceTree = "<group>";
		};
		AAE4C6DF2A3711A200638E87 /* OldFiles */ = {
			isa = PBXGroup;
			children = (
				AAA1A1B629F14CAC003F153F /* GameNodeOld.swift */,
				AAA1A1B829F14D33003F153F /* GameTreeOld.swift */,
			);
			path = OldFiles;
			sourceTree = "<group>";
		};
/* End PBXGroup section */

/* Begin PBXNativeTarget section */
		AAA1A17729F02351003F153F /* OpeningsMastermind */ = {
			isa = PBXNativeTarget;
			buildConfigurationList = AAA1A19D29F02352003F153F /* Build configuration list for PBXNativeTarget "OpeningsMastermind" */;
			buildPhases = (
				AAA1A17429F02351003F153F /* Sources */,
				AAA1A17529F02351003F153F /* Frameworks */,
				AAA1A17629F02351003F153F /* Resources */,
				AAB5A80C2A1A3161007F1302 /* Copy Files */,
				AAD2840B2A3B7C00002D5BF7 /* Embed Foundation Extensions */,
			);
			buildRules = (
			);
			dependencies = (
				AAD284062A3B7C00002D5BF7 /* PBXTargetDependency */,
			);
			name = OpeningsMastermind;
			packageProductDependencies = (
				AA4786B82A1A83E100BB4144 /* ChessKitEngine */,
				AAD283F72A3B5C07002D5BF7 /* ChessKit */,
			);
			productName = ChessOpeningTrainer;
			productReference = AAA1A17829F02351003F153F /* OpeningsMastermind.app */;
			productType = "com.apple.product-type.application";
		};
		AAA1A18829F02352003F153F /* OpeningsMastermindTests */ = {
			isa = PBXNativeTarget;
			buildConfigurationList = AAA1A1A029F02352003F153F /* Build configuration list for PBXNativeTarget "OpeningsMastermindTests" */;
			buildPhases = (
				AAA1A18529F02352003F153F /* Sources */,
				AAA1A18629F02352003F153F /* Frameworks */,
				AAA1A18729F02352003F153F /* Resources */,
			);
			buildRules = (
			);
			dependencies = (
				AAA1A18B29F02352003F153F /* PBXTargetDependency */,
			);
			name = OpeningsMastermindTests;
			productName = ChessOpeningTrainerTests;
			productReference = AAA1A18929F02352003F153F /* OpeningsMastermindTests.xctest */;
			productType = "com.apple.product-type.bundle.unit-test";
		};
		AAA1A19229F02352003F153F /* OpeningsMastermindUITests */ = {
			isa = PBXNativeTarget;
			buildConfigurationList = AAA1A1A329F02352003F153F /* Build configuration list for PBXNativeTarget "OpeningsMastermindUITests" */;
			buildPhases = (
				AAA1A18F29F02352003F153F /* Sources */,
				AAA1A19029F02352003F153F /* Frameworks */,
				AAA1A19129F02352003F153F /* Resources */,
			);
			buildRules = (
			);
			dependencies = (
				AAA1A19529F02352003F153F /* PBXTargetDependency */,
			);
			name = OpeningsMastermindUITests;
			productName = ChessOpeningTrainerUITests;
			productReference = AAA1A19329F02352003F153F /* OpeningsMastermindUITests.xctest */;
			productType = "com.apple.product-type.bundle.ui-testing";
		};
		AAD283FC2A3B7C00002D5BF7 /* OpeningsMastermindShareExtension */ = {
			isa = PBXNativeTarget;
			buildConfigurationList = AAD284082A3B7C00002D5BF7 /* Build configuration list for PBXNativeTarget "OpeningsMastermindShareExtension" */;
			buildPhases = (
				AAD283F92A3B7C00002D5BF7 /* Sources */,
				AAD283FA2A3B7C00002D5BF7 /* Frameworks */,
				AAD283FB2A3B7C00002D5BF7 /* Resources */,
			);
			buildRules = (
			);
			dependencies = (
			);
			name = OpeningsMastermindShareExtension;
			productName = OpeningsMastermindShareExtension;
			productReference = AAD283FD2A3B7C00002D5BF7 /* OpeningsMastermindShareExtension.appex */;
			productType = "com.apple.product-type.app-extension";
		};
/* End PBXNativeTarget section */

/* Begin PBXProject section */
		AAA1A17029F02351003F153F /* Project object */ = {
			isa = PBXProject;
			attributes = {
				BuildIndependentTargetsInParallel = 1;
				LastSwiftUpdateCheck = 1430;
				LastUpgradeCheck = 1430;
				TargetAttributes = {
					AAA1A17729F02351003F153F = {
						CreatedOnToolsVersion = 14.3;
					};
					AAA1A18829F02352003F153F = {
						CreatedOnToolsVersion = 14.3;
						TestTargetID = AAA1A17729F02351003F153F;
					};
					AAA1A19229F02352003F153F = {
						CreatedOnToolsVersion = 14.3;
						TestTargetID = AAA1A17729F02351003F153F;
					};
					AAD283FC2A3B7C00002D5BF7 = {
						CreatedOnToolsVersion = 14.3.1;
					};
				};
			};
			buildConfigurationList = AAA1A17329F02351003F153F /* Build configuration list for PBXProject "OpeningsMastermind" */;
			compatibilityVersion = "Xcode 14.0";
			developmentRegion = en;
			hasScannedForEncodings = 0;
			knownRegions = (
				en,
				Base,
			);
			mainGroup = AAA1A16F29F02351003F153F;
			packageReferences = (
				AA4786B72A1A83E100BB4144 /* XCRemoteSwiftPackageReference "chesskit-engine" */,
				AAD283F62A3B5C07002D5BF7 /* XCRemoteSwiftPackageReference "ChessKit" */,
			);
			productRefGroup = AAA1A17929F02351003F153F /* Products */;
			projectDirPath = "";
			projectRoot = "";
			targets = (
				AAA1A17729F02351003F153F /* OpeningsMastermind */,
				AAA1A18829F02352003F153F /* OpeningsMastermindTests */,
				AAA1A19229F02352003F153F /* OpeningsMastermindUITests */,
				AAD283FC2A3B7C00002D5BF7 /* OpeningsMastermindShareExtension */,
			);
		};
/* End PBXProject section */

/* Begin PBXResourcesBuildPhase section */
		AAA1A17629F02351003F153F /* Resources */ = {
			isa = PBXResourcesBuildPhase;
			buildActionMask = 2147483647;
			files = (
				AAB3C3062A0157490094FAB2 /* exampleCaroKannGoldman.pgn in Resources */,
				AAB3C3082A0159410094FAB2 /* exampleSmithMorra.pgn in Resources */,
				AAA1A18429F02352003F153F /* Preview Assets.xcassets in Resources */,
				AAB3C30E2A0159730094FAB2 /* exampleEnglundRefutation.pgn in Resources */,
				AAA1A18029F02352003F153F /* Assets.xcassets in Resources */,
				AAB3C30C2A01595F0094FAB2 /* exampleDanishRefutation.pgn in Resources */,
				AAB3C30A2A01594F0094FAB2 /* exampleScotchGambit.pgn in Resources */,
			);
			runOnlyForDeploymentPostprocessing = 0;
		};
		AAA1A18729F02352003F153F /* Resources */ = {
			isa = PBXResourcesBuildPhase;
			buildActionMask = 2147483647;
			files = (
			);
			runOnlyForDeploymentPostprocessing = 0;
		};
		AAA1A19129F02352003F153F /* Resources */ = {
			isa = PBXResourcesBuildPhase;
			buildActionMask = 2147483647;
			files = (
			);
			runOnlyForDeploymentPostprocessing = 0;
		};
		AAD283FB2A3B7C00002D5BF7 /* Resources */ = {
			isa = PBXResourcesBuildPhase;
			buildActionMask = 2147483647;
			files = (
			);
			runOnlyForDeploymentPostprocessing = 0;
		};
/* End PBXResourcesBuildPhase section */

/* Begin PBXSourcesBuildPhase section */
		AAA1A17429F02351003F153F /* Sources */ = {
			isa = PBXSourcesBuildPhase;
			buildActionMask = 2147483647;
			files = (
				AA6A8B7D2A38BDF1003DA1C2 /* DisplayBoardViewModel.swift in Sources */,
				AAE4C6D92A362E6100638E87 /* GameNodeOld.swift in Sources */,
				AAE4C6DA2A362E6100638E87 /* GameTreeOld.swift in Sources */,
				AACF654C2A3482390058893F /* MoveNode.swift in Sources */,
				AAA1A1E029F56F32003F153F /* ExamplePGN.swift in Sources */,
				AADF269D2A178D3700CF40ED /* LichessOpeningData.swift in Sources */,
				AADF269B2A178CF300CF40ED /* LichessExplorerView.swift in Sources */,
				AAC6431429F9374100D1C12E /* ImpressumView.swift in Sources */,
				AAC889A529F802450079ECE5 /* PGNHelpView.swift in Sources */,
				AAE4C6DC2A370A5400638E87 /* LoadingView.swift in Sources */,
				AAF1D5D52A9E3A1400797F49 /* EngineClass.swift in Sources */,
				AAB5A6E42A1916E2007F1302 /* HelpExplorerPageView.swift in Sources */,
				AAF1D5D92A9F622000797F49 /* CustomToggle.swift in Sources */,
				AADF267E2A16169600CF40ED /* ParentChessBoardProtocol.swift in Sources */,
				AAA1A1D729F42E7F003F153F /* AddStudyView.swift in Sources */,
				AA6A8B7B2A38822C003DA1C2 /* PracticeCenterView.swift in Sources */,
				AADF269F2A17AF4300CF40ED /* LichessUserData.swift in Sources */,
				AADF26802A16192400CF40ED /* ExploreViewModel.swift in Sources */,
				AAA1A17E29F02351003F153F /* ContentView.swift in Sources */,
				AA6960772A05403F00A593BB /* ListView.swift in Sources */,
				AABC59792A461E9D00E9C17A /* AppControlViewModel.swift in Sources */,
				AAC6431629F9374B00D1C12E /* PrivacyView.swift in Sources */,
				AAD219632A1CECE6005BB0FE /* SwitchStudyView.swift in Sources */,
				AA87F3DD2A013A34009D7017 /* AnnotationView.swift in Sources */,
				AA6A8B7F2A38C02E003DA1C2 /* GameState.swift in Sources */,
				AAF1D5D72A9E4AD400797F49 /* AddStudyViewModel.swift in Sources */,
				AAA1A1EA29F6DDD6003F153F /* Settings.swift in Sources */,
				AACF65482A33C0750058893F /* GameNode.swift in Sources */,
				AA7A71342A4D733200A60706 /* PopoverViewModifier.swift in Sources */,
				AAB65E382A486CFD002FB687 /* MoveGridView.swift in Sources */,
				AA69607B2A05461700A593BB /* ChessboardView.swift in Sources */,
				AAA1A1D529F415F9003F153F /* DataBase.swift in Sources */,
				AA4786BD2A1B880A00BB4144 /* SelectStudyView.swift in Sources */,
				AADF26822A161A7200CF40ED /* ExploreView.swift in Sources */,
				AAF78B9B2A07B35B00FC8282 /* ProgressBarView.swift in Sources */,
				AA69607D2A06473800A593BB /* PracticeViewModel.swift in Sources */,
				AAC889A329F7DD3A0079ECE5 /* Extension.swift in Sources */,
				AA930EDA2A09765200026712 /* SortingMethod.swift in Sources */,
				AA930ED82A093D4100026712 /* BoxArrowShape.swift in Sources */,
				AAD284112A3C5AAF002D5BF7 /* PracticeCenterViewModel.swift in Sources */,
				AA4786BB2A1A8AC800BB4144 /* EvalBarView.swift in Sources */,
				AA41EF022A1CE19900FDB639 /* GNULicence.swift in Sources */,
				AAE4C6DE2A3710AC00638E87 /* PGNDecoder.swift in Sources */,
				AAA1A17C29F02351003F153F /* OpeningsMastermindApp.swift in Sources */,
				AAA1A1CA29F2CC44003F153F /* ArrowShape.swift in Sources */,
				AAA1A1E829F6DB3F003F153F /* SettingsView.swift in Sources */,
				AA6960792A05460700A593BB /* PracticeView.swift in Sources */,
				AADF268E2A16B94E00CF40ED /* HomeView.swift in Sources */,
				AADF268C2A16708100CF40ED /* MoveListView.swift in Sources */,
				AAC6431A29F97B5000D1C12E /* BulletList.swift in Sources */,
				AA5EA3CD2A067BCD0033AB7C /* PawnPromotionView.swift in Sources */,
				AAE367F82A0BED95006A2574 /* ChessBoardViewModel.swift in Sources */,
				AAC6431129F8205D00D1C12E /* AcknowledgementsView.swift in Sources */,
				AAB5A6E22A18FCD3007F1302 /* HelpExplorerView.swift in Sources */,
				AACF654A2A33C5150058893F /* GameTree.swift in Sources */,
			);
			runOnlyForDeploymentPostprocessing = 0;
		};
		AAA1A18529F02352003F153F /* Sources */ = {
			isa = PBXSourcesBuildPhase;
			buildActionMask = 2147483647;
			files = (
				AAA1A18E29F02352003F153F /* ChessOpeningTrainerTests.swift in Sources */,
			);
			runOnlyForDeploymentPostprocessing = 0;
		};
		AAA1A18F29F02352003F153F /* Sources */ = {
			isa = PBXSourcesBuildPhase;
			buildActionMask = 2147483647;
			files = (
				AAA1A19A29F02352003F153F /* ChessOpeningTrainerUITestsLaunchTests.swift in Sources */,
				AAA1A19829F02352003F153F /* ChessOpeningTrainerUITests.swift in Sources */,
			);
			runOnlyForDeploymentPostprocessing = 0;
		};
		AAD283F92A3B7C00002D5BF7 /* Sources */ = {
			isa = PBXSourcesBuildPhase;
			buildActionMask = 2147483647;
			files = (
				AAD284002A3B7C00002D5BF7 /* ShareViewController.swift in Sources */,
			);
			runOnlyForDeploymentPostprocessing = 0;
		};
/* End PBXSourcesBuildPhase section */

/* Begin PBXTargetDependency section */
		AAA1A18B29F02352003F153F /* PBXTargetDependency */ = {
			isa = PBXTargetDependency;
			target = AAA1A17729F02351003F153F /* OpeningsMastermind */;
			targetProxy = AAA1A18A29F02352003F153F /* PBXContainerItemProxy */;
		};
		AAA1A19529F02352003F153F /* PBXTargetDependency */ = {
			isa = PBXTargetDependency;
			target = AAA1A17729F02351003F153F /* OpeningsMastermind */;
			targetProxy = AAA1A19429F02352003F153F /* PBXContainerItemProxy */;
		};
		AAD284062A3B7C00002D5BF7 /* PBXTargetDependency */ = {
			isa = PBXTargetDependency;
			target = AAD283FC2A3B7C00002D5BF7 /* OpeningsMastermindShareExtension */;
			targetProxy = AAD284052A3B7C00002D5BF7 /* PBXContainerItemProxy */;
		};
/* End PBXTargetDependency section */

/* Begin XCBuildConfiguration section */
		AAA1A19B29F02352003F153F /* Debug */ = {
			isa = XCBuildConfiguration;
			buildSettings = {
				ALWAYS_SEARCH_USER_PATHS = NO;
				CLANG_ANALYZER_NONNULL = YES;
				CLANG_ANALYZER_NUMBER_OBJECT_CONVERSION = YES_AGGRESSIVE;
				CLANG_CXX_LANGUAGE_STANDARD = "gnu++20";
				CLANG_ENABLE_MODULES = YES;
				CLANG_ENABLE_OBJC_ARC = YES;
				CLANG_ENABLE_OBJC_WEAK = YES;
				CLANG_WARN_BLOCK_CAPTURE_AUTORELEASING = YES;
				CLANG_WARN_BOOL_CONVERSION = YES;
				CLANG_WARN_COMMA = YES;
				CLANG_WARN_CONSTANT_CONVERSION = YES;
				CLANG_WARN_DEPRECATED_OBJC_IMPLEMENTATIONS = YES;
				CLANG_WARN_DIRECT_OBJC_ISA_USAGE = YES_ERROR;
				CLANG_WARN_DOCUMENTATION_COMMENTS = YES;
				CLANG_WARN_EMPTY_BODY = YES;
				CLANG_WARN_ENUM_CONVERSION = YES;
				CLANG_WARN_INFINITE_RECURSION = YES;
				CLANG_WARN_INT_CONVERSION = YES;
				CLANG_WARN_NON_LITERAL_NULL_CONVERSION = YES;
				CLANG_WARN_OBJC_IMPLICIT_RETAIN_SELF = YES;
				CLANG_WARN_OBJC_LITERAL_CONVERSION = YES;
				CLANG_WARN_OBJC_ROOT_CLASS = YES_ERROR;
				CLANG_WARN_QUOTED_INCLUDE_IN_FRAMEWORK_HEADER = YES;
				CLANG_WARN_RANGE_LOOP_ANALYSIS = YES;
				CLANG_WARN_STRICT_PROTOTYPES = YES;
				CLANG_WARN_SUSPICIOUS_MOVE = YES;
				CLANG_WARN_UNGUARDED_AVAILABILITY = YES_AGGRESSIVE;
				CLANG_WARN_UNREACHABLE_CODE = YES;
				CLANG_WARN__DUPLICATE_METHOD_MATCH = YES;
				COPY_PHASE_STRIP = NO;
				DEBUG_INFORMATION_FORMAT = dwarf;
				ENABLE_STRICT_OBJC_MSGSEND = YES;
				ENABLE_TESTABILITY = YES;
				GCC_C_LANGUAGE_STANDARD = gnu11;
				GCC_DYNAMIC_NO_PIC = NO;
				GCC_NO_COMMON_BLOCKS = YES;
				GCC_OPTIMIZATION_LEVEL = 0;
				GCC_PREPROCESSOR_DEFINITIONS = (
					"DEBUG=1",
					"$(inherited)",
				);
				GCC_WARN_64_TO_32_BIT_CONVERSION = YES;
				GCC_WARN_ABOUT_RETURN_TYPE = YES_ERROR;
				GCC_WARN_UNDECLARED_SELECTOR = YES;
				GCC_WARN_UNINITIALIZED_AUTOS = YES_AGGRESSIVE;
				GCC_WARN_UNUSED_FUNCTION = YES;
				GCC_WARN_UNUSED_VARIABLE = YES;
				IPHONEOS_DEPLOYMENT_TARGET = 16.0;
				MTL_ENABLE_DEBUG_INFO = INCLUDE_SOURCE;
				MTL_FAST_MATH = YES;
				ONLY_ACTIVE_ARCH = YES;
				SWIFT_ACTIVE_COMPILATION_CONDITIONS = DEBUG;
				SWIFT_OPTIMIZATION_LEVEL = "-Onone";
			};
			name = Debug;
		};
		AAA1A19C29F02352003F153F /* Release */ = {
			isa = XCBuildConfiguration;
			buildSettings = {
				ALWAYS_SEARCH_USER_PATHS = NO;
				CLANG_ANALYZER_NONNULL = YES;
				CLANG_ANALYZER_NUMBER_OBJECT_CONVERSION = YES_AGGRESSIVE;
				CLANG_CXX_LANGUAGE_STANDARD = "gnu++20";
				CLANG_ENABLE_MODULES = YES;
				CLANG_ENABLE_OBJC_ARC = YES;
				CLANG_ENABLE_OBJC_WEAK = YES;
				CLANG_WARN_BLOCK_CAPTURE_AUTORELEASING = YES;
				CLANG_WARN_BOOL_CONVERSION = YES;
				CLANG_WARN_COMMA = YES;
				CLANG_WARN_CONSTANT_CONVERSION = YES;
				CLANG_WARN_DEPRECATED_OBJC_IMPLEMENTATIONS = YES;
				CLANG_WARN_DIRECT_OBJC_ISA_USAGE = YES_ERROR;
				CLANG_WARN_DOCUMENTATION_COMMENTS = YES;
				CLANG_WARN_EMPTY_BODY = YES;
				CLANG_WARN_ENUM_CONVERSION = YES;
				CLANG_WARN_INFINITE_RECURSION = YES;
				CLANG_WARN_INT_CONVERSION = YES;
				CLANG_WARN_NON_LITERAL_NULL_CONVERSION = YES;
				CLANG_WARN_OBJC_IMPLICIT_RETAIN_SELF = YES;
				CLANG_WARN_OBJC_LITERAL_CONVERSION = YES;
				CLANG_WARN_OBJC_ROOT_CLASS = YES_ERROR;
				CLANG_WARN_QUOTED_INCLUDE_IN_FRAMEWORK_HEADER = YES;
				CLANG_WARN_RANGE_LOOP_ANALYSIS = YES;
				CLANG_WARN_STRICT_PROTOTYPES = YES;
				CLANG_WARN_SUSPICIOUS_MOVE = YES;
				CLANG_WARN_UNGUARDED_AVAILABILITY = YES_AGGRESSIVE;
				CLANG_WARN_UNREACHABLE_CODE = YES;
				CLANG_WARN__DUPLICATE_METHOD_MATCH = YES;
				COPY_PHASE_STRIP = NO;
				DEBUG_INFORMATION_FORMAT = "dwarf-with-dsym";
				ENABLE_NS_ASSERTIONS = NO;
				ENABLE_STRICT_OBJC_MSGSEND = YES;
				GCC_C_LANGUAGE_STANDARD = gnu11;
				GCC_NO_COMMON_BLOCKS = YES;
				GCC_OPTIMIZATION_LEVEL = s;
				GCC_WARN_64_TO_32_BIT_CONVERSION = YES;
				GCC_WARN_ABOUT_RETURN_TYPE = YES_ERROR;
				GCC_WARN_UNDECLARED_SELECTOR = YES;
				GCC_WARN_UNINITIALIZED_AUTOS = YES_AGGRESSIVE;
				GCC_WARN_UNUSED_FUNCTION = YES;
				GCC_WARN_UNUSED_VARIABLE = YES;
				IPHONEOS_DEPLOYMENT_TARGET = 16.0;
				MTL_ENABLE_DEBUG_INFO = NO;
				MTL_FAST_MATH = YES;
				ONLY_ACTIVE_ARCH = NO;
				SWIFT_COMPILATION_MODE = wholemodule;
				SWIFT_OPTIMIZATION_LEVEL = "-O";
			};
			name = Release;
		};
		AAA1A19E29F02352003F153F /* Debug */ = {
			isa = XCBuildConfiguration;
			buildSettings = {
				ALWAYS_EMBED_SWIFT_STANDARD_LIBRARIES = YES;
				ASSETCATALOG_COMPILER_APPICON_NAME = AppIcon;
				ASSETCATALOG_COMPILER_GLOBAL_ACCENT_COLOR_NAME = AccentColor;
				ASSETCATALOG_COMPILER_INCLUDE_ALL_APPICON_ASSETS = YES;
				CODE_SIGN_ENTITLEMENTS = OpeningsMastermind/OpeningsMastermind.entitlements;
				CODE_SIGN_STYLE = Automatic;
				CURRENT_PROJECT_VERSION = 1;
				DEVELOPMENT_ASSET_PATHS = "\"OpeningsMastermind/Preview Content\"";
				DEVELOPMENT_TEAM = Q7XMYQ8965;
				ENABLE_PREVIEWS = YES;
				GENERATE_INFOPLIST_FILE = YES;
				INFOPLIST_FILE = OpeningsMastermind/Info.plist;
				INFOPLIST_KEY_CFBundleDisplayName = Openings;
				INFOPLIST_KEY_LSApplicationCategoryType = "public.app-category.board-games";
				"INFOPLIST_KEY_UIApplicationSceneManifest_Generation[sdk=iphoneos*]" = YES;
				"INFOPLIST_KEY_UIApplicationSceneManifest_Generation[sdk=iphonesimulator*]" = YES;
				"INFOPLIST_KEY_UIApplicationSupportsIndirectInputEvents[sdk=iphoneos*]" = YES;
				"INFOPLIST_KEY_UIApplicationSupportsIndirectInputEvents[sdk=iphonesimulator*]" = YES;
				"INFOPLIST_KEY_UILaunchScreen_Generation[sdk=iphoneos*]" = YES;
				"INFOPLIST_KEY_UILaunchScreen_Generation[sdk=iphonesimulator*]" = YES;
				INFOPLIST_KEY_UIStatusBarStyle = "";
				"INFOPLIST_KEY_UIStatusBarStyle[sdk=iphoneos*]" = UIStatusBarStyleDefault;
				"INFOPLIST_KEY_UIStatusBarStyle[sdk=iphonesimulator*]" = UIStatusBarStyleDefault;
				INFOPLIST_KEY_UISupportedInterfaceOrientations = "UIInterfaceOrientationLandscapeLeft UIInterfaceOrientationLandscapeRight UIInterfaceOrientationPortrait";
				INFOPLIST_KEY_UISupportedInterfaceOrientations_iPad = "UIInterfaceOrientationLandscapeLeft UIInterfaceOrientationLandscapeRight UIInterfaceOrientationPortrait UIInterfaceOrientationPortraitUpsideDown";
				IPHONEOS_DEPLOYMENT_TARGET = 16.0;
				LD_RUNPATH_SEARCH_PATHS = "@executable_path/Frameworks";
				"LD_RUNPATH_SEARCH_PATHS[sdk=macosx*]" = "@executable_path/../Frameworks";
				MACOSX_DEPLOYMENT_TARGET = 13.3;
				MARKETING_VERSION = 0.8.3;
				PRODUCT_BUNDLE_IDENTIFIER = gleissnerchristian.ChessOpeningTrainer;
				PRODUCT_NAME = "$(TARGET_NAME)";
				SDKROOT = auto;
				SUPPORTED_PLATFORMS = "iphoneos iphonesimulator";
				SUPPORTS_MACCATALYST = NO;
				SUPPORTS_MAC_DESIGNED_FOR_IPHONE_IPAD = YES;
				SWIFT_EMIT_LOC_STRINGS = YES;
				SWIFT_VERSION = 5.0;
				TARGETED_DEVICE_FAMILY = "1,2";
			};
			name = Debug;
		};
		AAA1A19F29F02352003F153F /* Release */ = {
			isa = XCBuildConfiguration;
			buildSettings = {
				ALWAYS_EMBED_SWIFT_STANDARD_LIBRARIES = YES;
				ASSETCATALOG_COMPILER_APPICON_NAME = AppIcon;
				ASSETCATALOG_COMPILER_GLOBAL_ACCENT_COLOR_NAME = AccentColor;
				ASSETCATALOG_COMPILER_INCLUDE_ALL_APPICON_ASSETS = YES;
				CODE_SIGN_ENTITLEMENTS = OpeningsMastermind/OpeningsMastermind.entitlements;
				CODE_SIGN_STYLE = Automatic;
				CURRENT_PROJECT_VERSION = 1;
				DEVELOPMENT_ASSET_PATHS = "\"OpeningsMastermind/Preview Content\"";
				DEVELOPMENT_TEAM = Q7XMYQ8965;
				ENABLE_PREVIEWS = YES;
				GENERATE_INFOPLIST_FILE = YES;
				INFOPLIST_FILE = OpeningsMastermind/Info.plist;
				INFOPLIST_KEY_CFBundleDisplayName = Openings;
				INFOPLIST_KEY_LSApplicationCategoryType = "public.app-category.board-games";
				"INFOPLIST_KEY_UIApplicationSceneManifest_Generation[sdk=iphoneos*]" = YES;
				"INFOPLIST_KEY_UIApplicationSceneManifest_Generation[sdk=iphonesimulator*]" = YES;
				"INFOPLIST_KEY_UIApplicationSupportsIndirectInputEvents[sdk=iphoneos*]" = YES;
				"INFOPLIST_KEY_UIApplicationSupportsIndirectInputEvents[sdk=iphonesimulator*]" = YES;
				"INFOPLIST_KEY_UILaunchScreen_Generation[sdk=iphoneos*]" = YES;
				"INFOPLIST_KEY_UILaunchScreen_Generation[sdk=iphonesimulator*]" = YES;
				INFOPLIST_KEY_UIStatusBarStyle = "";
				"INFOPLIST_KEY_UIStatusBarStyle[sdk=iphoneos*]" = UIStatusBarStyleDefault;
				"INFOPLIST_KEY_UIStatusBarStyle[sdk=iphonesimulator*]" = UIStatusBarStyleDefault;
				INFOPLIST_KEY_UISupportedInterfaceOrientations = "UIInterfaceOrientationLandscapeLeft UIInterfaceOrientationLandscapeRight UIInterfaceOrientationPortrait";
				INFOPLIST_KEY_UISupportedInterfaceOrientations_iPad = "UIInterfaceOrientationLandscapeLeft UIInterfaceOrientationLandscapeRight UIInterfaceOrientationPortrait UIInterfaceOrientationPortraitUpsideDown";
				IPHONEOS_DEPLOYMENT_TARGET = 16.0;
				LD_RUNPATH_SEARCH_PATHS = "@executable_path/Frameworks";
				"LD_RUNPATH_SEARCH_PATHS[sdk=macosx*]" = "@executable_path/../Frameworks";
				MACOSX_DEPLOYMENT_TARGET = 13.3;
				MARKETING_VERSION = 0.8.3;
				PRODUCT_BUNDLE_IDENTIFIER = gleissnerchristian.ChessOpeningTrainer;
				PRODUCT_NAME = "$(TARGET_NAME)";
				SDKROOT = auto;
				SUPPORTED_PLATFORMS = "iphoneos iphonesimulator";
				SUPPORTS_MACCATALYST = NO;
				SUPPORTS_MAC_DESIGNED_FOR_IPHONE_IPAD = YES;
				SWIFT_EMIT_LOC_STRINGS = YES;
				SWIFT_VERSION = 5.0;
				TARGETED_DEVICE_FAMILY = "1,2";
			};
			name = Release;
		};
		AAA1A1A129F02352003F153F /* Debug */ = {
			isa = XCBuildConfiguration;
			buildSettings = {
				ALWAYS_EMBED_SWIFT_STANDARD_LIBRARIES = YES;
				BUNDLE_LOADER = "$(TEST_HOST)";
				CODE_SIGN_STYLE = Automatic;
				CURRENT_PROJECT_VERSION = 1;
				DEVELOPMENT_TEAM = Q7XMYQ8965;
				GENERATE_INFOPLIST_FILE = YES;
				IPHONEOS_DEPLOYMENT_TARGET = 16.4;
				MACOSX_DEPLOYMENT_TARGET = 13.3;
				MARKETING_VERSION = 1.0;
				PRODUCT_BUNDLE_IDENTIFIER = gleissnerchristian.ChessOpeningTrainerTests;
				PRODUCT_NAME = "$(TARGET_NAME)";
				SDKROOT = auto;
				SUPPORTED_PLATFORMS = "iphoneos iphonesimulator macosx";
				SWIFT_EMIT_LOC_STRINGS = NO;
				SWIFT_VERSION = 5.0;
				TARGETED_DEVICE_FAMILY = "1,2";
				TEST_HOST = "$(BUILT_PRODUCTS_DIR)/OpeningsMastermind.app/$(BUNDLE_EXECUTABLE_FOLDER_PATH)/OpeningsMastermind";
			};
			name = Debug;
		};
		AAA1A1A229F02352003F153F /* Release */ = {
			isa = XCBuildConfiguration;
			buildSettings = {
				ALWAYS_EMBED_SWIFT_STANDARD_LIBRARIES = YES;
				BUNDLE_LOADER = "$(TEST_HOST)";
				CODE_SIGN_STYLE = Automatic;
				CURRENT_PROJECT_VERSION = 1;
				DEVELOPMENT_TEAM = Q7XMYQ8965;
				GENERATE_INFOPLIST_FILE = YES;
				IPHONEOS_DEPLOYMENT_TARGET = 16.4;
				MACOSX_DEPLOYMENT_TARGET = 13.3;
				MARKETING_VERSION = 1.0;
				PRODUCT_BUNDLE_IDENTIFIER = gleissnerchristian.ChessOpeningTrainerTests;
				PRODUCT_NAME = "$(TARGET_NAME)";
				SDKROOT = auto;
				SUPPORTED_PLATFORMS = "iphoneos iphonesimulator macosx";
				SWIFT_EMIT_LOC_STRINGS = NO;
				SWIFT_VERSION = 5.0;
				TARGETED_DEVICE_FAMILY = "1,2";
				TEST_HOST = "$(BUILT_PRODUCTS_DIR)/OpeningsMastermind.app/$(BUNDLE_EXECUTABLE_FOLDER_PATH)/OpeningsMastermind";
			};
			name = Release;
		};
		AAA1A1A429F02352003F153F /* Debug */ = {
			isa = XCBuildConfiguration;
			buildSettings = {
				ALWAYS_EMBED_SWIFT_STANDARD_LIBRARIES = YES;
				CODE_SIGN_STYLE = Automatic;
				CURRENT_PROJECT_VERSION = 1;
				DEVELOPMENT_TEAM = Q7XMYQ8965;
				GENERATE_INFOPLIST_FILE = YES;
				IPHONEOS_DEPLOYMENT_TARGET = 16.4;
				MACOSX_DEPLOYMENT_TARGET = 13.3;
				MARKETING_VERSION = 1.0;
				PRODUCT_BUNDLE_IDENTIFIER = gleissnerchristian.ChessOpeningTrainerUITests;
				PRODUCT_NAME = "$(TARGET_NAME)";
				SDKROOT = auto;
				SUPPORTED_PLATFORMS = "iphoneos iphonesimulator macosx";
				SWIFT_EMIT_LOC_STRINGS = NO;
				SWIFT_VERSION = 5.0;
				TARGETED_DEVICE_FAMILY = "1,2";
				TEST_TARGET_NAME = ChessOpeningTrainer;
			};
			name = Debug;
		};
		AAA1A1A529F02352003F153F /* Release */ = {
			isa = XCBuildConfiguration;
			buildSettings = {
				ALWAYS_EMBED_SWIFT_STANDARD_LIBRARIES = YES;
				CODE_SIGN_STYLE = Automatic;
				CURRENT_PROJECT_VERSION = 1;
				DEVELOPMENT_TEAM = Q7XMYQ8965;
				GENERATE_INFOPLIST_FILE = YES;
				IPHONEOS_DEPLOYMENT_TARGET = 16.4;
				MACOSX_DEPLOYMENT_TARGET = 13.3;
				MARKETING_VERSION = 1.0;
				PRODUCT_BUNDLE_IDENTIFIER = gleissnerchristian.ChessOpeningTrainerUITests;
				PRODUCT_NAME = "$(TARGET_NAME)";
				SDKROOT = auto;
				SUPPORTED_PLATFORMS = "iphoneos iphonesimulator macosx";
				SWIFT_EMIT_LOC_STRINGS = NO;
				SWIFT_VERSION = 5.0;
				TARGETED_DEVICE_FAMILY = "1,2";
				TEST_TARGET_NAME = ChessOpeningTrainer;
			};
			name = Release;
		};
		AAD284092A3B7C00002D5BF7 /* Debug */ = {
			isa = XCBuildConfiguration;
			buildSettings = {
				CODE_SIGN_STYLE = Automatic;
				CURRENT_PROJECT_VERSION = 1;
				DEVELOPMENT_TEAM = Q7XMYQ8965;
				GENERATE_INFOPLIST_FILE = YES;
				INFOPLIST_FILE = OpeningsMastermindShareExtension/Info.plist;
				INFOPLIST_KEY_CFBundleDisplayName = OpeningsMastermindShareExtension;
				INFOPLIST_KEY_NSHumanReadableCopyright = "";
				IPHONEOS_DEPLOYMENT_TARGET = 16.0;
				LD_RUNPATH_SEARCH_PATHS = (
					"$(inherited)",
					"@executable_path/Frameworks",
					"@executable_path/../../Frameworks",
				);
				MARKETING_VERSION = 0.8;
				PRODUCT_BUNDLE_IDENTIFIER = gleissnerchristian.ChessOpeningTrainer.OpeningsMastermindShareExtension;
				PRODUCT_NAME = "$(TARGET_NAME)";
				SDKROOT = iphoneos;
				SKIP_INSTALL = YES;
				SWIFT_EMIT_LOC_STRINGS = YES;
				SWIFT_VERSION = 5.0;
				TARGETED_DEVICE_FAMILY = "1,2";
			};
			name = Debug;
		};
		AAD2840A2A3B7C00002D5BF7 /* Release */ = {
			isa = XCBuildConfiguration;
			buildSettings = {
				CODE_SIGN_STYLE = Automatic;
				CURRENT_PROJECT_VERSION = 1;
				DEVELOPMENT_TEAM = Q7XMYQ8965;
				GENERATE_INFOPLIST_FILE = YES;
				INFOPLIST_FILE = OpeningsMastermindShareExtension/Info.plist;
				INFOPLIST_KEY_CFBundleDisplayName = OpeningsMastermindShareExtension;
				INFOPLIST_KEY_NSHumanReadableCopyright = "";
				IPHONEOS_DEPLOYMENT_TARGET = 16.0;
				LD_RUNPATH_SEARCH_PATHS = (
					"$(inherited)",
					"@executable_path/Frameworks",
					"@executable_path/../../Frameworks",
				);
				MARKETING_VERSION = 0.8;
				PRODUCT_BUNDLE_IDENTIFIER = gleissnerchristian.ChessOpeningTrainer.OpeningsMastermindShareExtension;
				PRODUCT_NAME = "$(TARGET_NAME)";
				SDKROOT = iphoneos;
				SKIP_INSTALL = YES;
				SWIFT_EMIT_LOC_STRINGS = YES;
				SWIFT_VERSION = 5.0;
				TARGETED_DEVICE_FAMILY = "1,2";
				VALIDATE_PRODUCT = YES;
			};
			name = Release;
		};
/* End XCBuildConfiguration section */

/* Begin XCConfigurationList section */
		AAA1A17329F02351003F153F /* Build configuration list for PBXProject "OpeningsMastermind" */ = {
			isa = XCConfigurationList;
			buildConfigurations = (
				AAA1A19B29F02352003F153F /* Debug */,
				AAA1A19C29F02352003F153F /* Release */,
			);
			defaultConfigurationIsVisible = 0;
			defaultConfigurationName = Release;
		};
		AAA1A19D29F02352003F153F /* Build configuration list for PBXNativeTarget "OpeningsMastermind" */ = {
			isa = XCConfigurationList;
			buildConfigurations = (
				AAA1A19E29F02352003F153F /* Debug */,
				AAA1A19F29F02352003F153F /* Release */,
			);
			defaultConfigurationIsVisible = 0;
			defaultConfigurationName = Release;
		};
		AAA1A1A029F02352003F153F /* Build configuration list for PBXNativeTarget "OpeningsMastermindTests" */ = {
			isa = XCConfigurationList;
			buildConfigurations = (
				AAA1A1A129F02352003F153F /* Debug */,
				AAA1A1A229F02352003F153F /* Release */,
			);
			defaultConfigurationIsVisible = 0;
			defaultConfigurationName = Release;
		};
		AAA1A1A329F02352003F153F /* Build configuration list for PBXNativeTarget "OpeningsMastermindUITests" */ = {
			isa = XCConfigurationList;
			buildConfigurations = (
				AAA1A1A429F02352003F153F /* Debug */,
				AAA1A1A529F02352003F153F /* Release */,
			);
			defaultConfigurationIsVisible = 0;
			defaultConfigurationName = Release;
		};
		AAD284082A3B7C00002D5BF7 /* Build configuration list for PBXNativeTarget "OpeningsMastermindShareExtension" */ = {
			isa = XCConfigurationList;
			buildConfigurations = (
				AAD284092A3B7C00002D5BF7 /* Debug */,
				AAD2840A2A3B7C00002D5BF7 /* Release */,
			);
			defaultConfigurationIsVisible = 0;
			defaultConfigurationName = Release;
		};
/* End XCConfigurationList section */

/* Begin XCRemoteSwiftPackageReference section */
		AA4786B72A1A83E100BB4144 /* XCRemoteSwiftPackageReference "chesskit-engine" */ = {
			isa = XCRemoteSwiftPackageReference;
			repositoryURL = "https://github.com/chesskit-app/chesskit-engine/";
			requirement = {
				kind = upToNextMajorVersion;
				minimumVersion = 0.2.2;
			};
		};
		AAD283F62A3B5C07002D5BF7 /* XCRemoteSwiftPackageReference "ChessKit" */ = {
			isa = XCRemoteSwiftPackageReference;
			repositoryURL = "https://github.com/christiangleissner/ChessKit";
			requirement = {
				branch = "FixIssue#11";
				kind = branch;
			};
		};
/* End XCRemoteSwiftPackageReference section */

/* Begin XCSwiftPackageProductDependency section */
		AA4786B82A1A83E100BB4144 /* ChessKitEngine */ = {
			isa = XCSwiftPackageProductDependency;
			package = AA4786B72A1A83E100BB4144 /* XCRemoteSwiftPackageReference "chesskit-engine" */;
			productName = ChessKitEngine;
		};
		AAD283F72A3B5C07002D5BF7 /* ChessKit */ = {
			isa = XCSwiftPackageProductDependency;
			package = AAD283F62A3B5C07002D5BF7 /* XCRemoteSwiftPackageReference "ChessKit" */;
			productName = ChessKit;
		};
/* End XCSwiftPackageProductDependency section */
	};
	rootObject = AAA1A17029F02351003F153F /* Project object */;
}
