// !$*UTF8*$!
{
	archiveVersion = 1;
	classes = {
	};
	objectVersion = 56;
	objects = {

/* Begin PBXBuildFile section */
		AAA1A17C29F02351003F153F /* ChessOpeningTrainerApp.swift in Sources */ = {isa = PBXBuildFile; fileRef = AAA1A17B29F02351003F153F /* ChessOpeningTrainerApp.swift */; };
		AAA1A17E29F02351003F153F /* ContentView.swift in Sources */ = {isa = PBXBuildFile; fileRef = AAA1A17D29F02351003F153F /* ContentView.swift */; };
		AAA1A18029F02352003F153F /* Assets.xcassets in Resources */ = {isa = PBXBuildFile; fileRef = AAA1A17F29F02352003F153F /* Assets.xcassets */; };
		AAA1A18429F02352003F153F /* Preview Assets.xcassets in Resources */ = {isa = PBXBuildFile; fileRef = AAA1A18329F02352003F153F /* Preview Assets.xcassets */; };
		AAA1A18E29F02352003F153F /* ChessOpeningTrainerTests.swift in Sources */ = {isa = PBXBuildFile; fileRef = AAA1A18D29F02352003F153F /* ChessOpeningTrainerTests.swift */; };
		AAA1A19829F02352003F153F /* ChessOpeningTrainerUITests.swift in Sources */ = {isa = PBXBuildFile; fileRef = AAA1A19729F02352003F153F /* ChessOpeningTrainerUITests.swift */; };
		AAA1A19A29F02352003F153F /* ChessOpeningTrainerUITestsLaunchTests.swift in Sources */ = {isa = PBXBuildFile; fileRef = AAA1A19929F02352003F153F /* ChessOpeningTrainerUITestsLaunchTests.swift */; };
		AAA1A1A829F02493003F153F /* ChessKit in Frameworks */ = {isa = PBXBuildFile; productRef = AAA1A1A729F02493003F153F /* ChessKit */; };
		AAA1A1AA29F0263F003F153F /* ChessBoardView.swift in Sources */ = {isa = PBXBuildFile; fileRef = AAA1A1A929F0263F003F153F /* ChessBoardView.swift */; };
		AAA1A1AE29F12E67003F153F /* CreateStudyView.swift in Sources */ = {isa = PBXBuildFile; fileRef = AAA1A1AD29F12E67003F153F /* CreateStudyView.swift */; };
		AAA1A1B729F14CAC003F153F /* MoveNode.swift in Sources */ = {isa = PBXBuildFile; fileRef = AAA1A1B629F14CAC003F153F /* MoveNode.swift */; };
		AAA1A1B929F14D33003F153F /* GameTree.swift in Sources */ = {isa = PBXBuildFile; fileRef = AAA1A1B829F14D33003F153F /* GameTree.swift */; };
		AAA1A1CA29F2CC44003F153F /* ArrowShape.swift in Sources */ = {isa = PBXBuildFile; fileRef = AAA1A1C929F2CC44003F153F /* ArrowShape.swift */; };
/* End PBXBuildFile section */

/* Begin PBXContainerItemProxy section */
		AAA1A18A29F02352003F153F /* PBXContainerItemProxy */ = {
			isa = PBXContainerItemProxy;
			containerPortal = AAA1A17029F02351003F153F /* Project object */;
			proxyType = 1;
			remoteGlobalIDString = AAA1A17729F02351003F153F;
			remoteInfo = ChessOpeningTrainer;
		};
		AAA1A19429F02352003F153F /* PBXContainerItemProxy */ = {
			isa = PBXContainerItemProxy;
			containerPortal = AAA1A17029F02351003F153F /* Project object */;
			proxyType = 1;
			remoteGlobalIDString = AAA1A17729F02351003F153F;
			remoteInfo = ChessOpeningTrainer;
		};
/* End PBXContainerItemProxy section */

/* Begin PBXFileReference section */
		AAA1A17829F02351003F153F /* ChessOpeningTrainer.app */ = {isa = PBXFileReference; explicitFileType = wrapper.application; includeInIndex = 0; path = ChessOpeningTrainer.app; sourceTree = BUILT_PRODUCTS_DIR; };
		AAA1A17B29F02351003F153F /* ChessOpeningTrainerApp.swift */ = {isa = PBXFileReference; lastKnownFileType = sourcecode.swift; path = ChessOpeningTrainerApp.swift; sourceTree = "<group>"; };
		AAA1A17D29F02351003F153F /* ContentView.swift */ = {isa = PBXFileReference; lastKnownFileType = sourcecode.swift; path = ContentView.swift; sourceTree = "<group>"; };
		AAA1A17F29F02352003F153F /* Assets.xcassets */ = {isa = PBXFileReference; lastKnownFileType = folder.assetcatalog; path = Assets.xcassets; sourceTree = "<group>"; };
		AAA1A18129F02352003F153F /* ChessOpeningTrainer.entitlements */ = {isa = PBXFileReference; lastKnownFileType = text.plist.entitlements; path = ChessOpeningTrainer.entitlements; sourceTree = "<group>"; };
		AAA1A18329F02352003F153F /* Preview Assets.xcassets */ = {isa = PBXFileReference; lastKnownFileType = folder.assetcatalog; path = "Preview Assets.xcassets"; sourceTree = "<group>"; };
		AAA1A18929F02352003F153F /* ChessOpeningTrainerTests.xctest */ = {isa = PBXFileReference; explicitFileType = wrapper.cfbundle; includeInIndex = 0; path = ChessOpeningTrainerTests.xctest; sourceTree = BUILT_PRODUCTS_DIR; };
		AAA1A18D29F02352003F153F /* ChessOpeningTrainerTests.swift */ = {isa = PBXFileReference; lastKnownFileType = sourcecode.swift; path = ChessOpeningTrainerTests.swift; sourceTree = "<group>"; };
		AAA1A19329F02352003F153F /* ChessOpeningTrainerUITests.xctest */ = {isa = PBXFileReference; explicitFileType = wrapper.cfbundle; includeInIndex = 0; path = ChessOpeningTrainerUITests.xctest; sourceTree = BUILT_PRODUCTS_DIR; };
		AAA1A19729F02352003F153F /* ChessOpeningTrainerUITests.swift */ = {isa = PBXFileReference; lastKnownFileType = sourcecode.swift; path = ChessOpeningTrainerUITests.swift; sourceTree = "<group>"; };
		AAA1A19929F02352003F153F /* ChessOpeningTrainerUITestsLaunchTests.swift */ = {isa = PBXFileReference; lastKnownFileType = sourcecode.swift; path = ChessOpeningTrainerUITestsLaunchTests.swift; sourceTree = "<group>"; };
		AAA1A1A929F0263F003F153F /* ChessBoardView.swift */ = {isa = PBXFileReference; lastKnownFileType = sourcecode.swift; path = ChessBoardView.swift; sourceTree = "<group>"; };
		AAA1A1AD29F12E67003F153F /* CreateStudyView.swift */ = {isa = PBXFileReference; lastKnownFileType = sourcecode.swift; path = CreateStudyView.swift; sourceTree = "<group>"; };
		AAA1A1B629F14CAC003F153F /* MoveNode.swift */ = {isa = PBXFileReference; lastKnownFileType = sourcecode.swift; path = MoveNode.swift; sourceTree = "<group>"; };
		AAA1A1B829F14D33003F153F /* GameTree.swift */ = {isa = PBXFileReference; lastKnownFileType = sourcecode.swift; path = GameTree.swift; sourceTree = "<group>"; };
		AAA1A1C929F2CC44003F153F /* ArrowShape.swift */ = {isa = PBXFileReference; lastKnownFileType = sourcecode.swift; path = ArrowShape.swift; sourceTree = "<group>"; };
/* End PBXFileReference section */

/* Begin PBXFrameworksBuildPhase section */
		AAA1A17529F02351003F153F /* Frameworks */ = {
			isa = PBXFrameworksBuildPhase;
			buildActionMask = 2147483647;
			files = (
				AAA1A1A829F02493003F153F /* ChessKit in Frameworks */,
			);
			runOnlyForDeploymentPostprocessing = 0;
		};
		AAA1A18629F02352003F153F /* Frameworks */ = {
			isa = PBXFrameworksBuildPhase;
			buildActionMask = 2147483647;
			files = (
			);
			runOnlyForDeploymentPostprocessing = 0;
		};
		AAA1A19029F02352003F153F /* Frameworks */ = {
			isa = PBXFrameworksBuildPhase;
			buildActionMask = 2147483647;
			files = (
			);
			runOnlyForDeploymentPostprocessing = 0;
		};
/* End PBXFrameworksBuildPhase section */

/* Begin PBXGroup section */
		AAA1A16F29F02351003F153F = {
			isa = PBXGroup;
			children = (
				AAA1A17A29F02351003F153F /* ChessOpeningTrainer */,
				AAA1A18C29F02352003F153F /* ChessOpeningTrainerTests */,
				AAA1A19629F02352003F153F /* ChessOpeningTrainerUITests */,
				AAA1A17929F02351003F153F /* Products */,
			);
			sourceTree = "<group>";
		};
		AAA1A17929F02351003F153F /* Products */ = {
			isa = PBXGroup;
			children = (
				AAA1A17829F02351003F153F /* ChessOpeningTrainer.app */,
				AAA1A18929F02352003F153F /* ChessOpeningTrainerTests.xctest */,
				AAA1A19329F02352003F153F /* ChessOpeningTrainerUITests.xctest */,
			);
			name = Products;
			sourceTree = "<group>";
		};
		AAA1A17A29F02351003F153F /* ChessOpeningTrainer */ = {
			isa = PBXGroup;
			children = (
				AAA1A17B29F02351003F153F /* ChessOpeningTrainerApp.swift */,
				AAA1A1A929F0263F003F153F /* ChessBoardView.swift */,
				AAA1A1C929F2CC44003F153F /* ArrowShape.swift */,
				AAA1A1AD29F12E67003F153F /* CreateStudyView.swift */,
				AAA1A1B629F14CAC003F153F /* MoveNode.swift */,
				AAA1A1B829F14D33003F153F /* GameTree.swift */,
				AAA1A17D29F02351003F153F /* ContentView.swift */,
				AAA1A17F29F02352003F153F /* Assets.xcassets */,
				AAA1A18129F02352003F153F /* ChessOpeningTrainer.entitlements */,
				AAA1A18229F02352003F153F /* Preview Content */,
			);
			path = ChessOpeningTrainer;
			sourceTree = "<group>";
		};
		AAA1A18229F02352003F153F /* Preview Content */ = {
			isa = PBXGroup;
			children = (
				AAA1A18329F02352003F153F /* Preview Assets.xcassets */,
			);
			path = "Preview Content";
			sourceTree = "<group>";
		};
		AAA1A18C29F02352003F153F /* ChessOpeningTrainerTests */ = {
			isa = PBXGroup;
			children = (
				AAA1A18D29F02352003F153F /* ChessOpeningTrainerTests.swift */,
			);
			path = ChessOpeningTrainerTests;
			sourceTree = "<group>";
		};
		AAA1A19629F02352003F153F /* ChessOpeningTrainerUITests */ = {
			isa = PBXGroup;
			children = (
				AAA1A19729F02352003F153F /* ChessOpeningTrainerUITests.swift */,
				AAA1A19929F02352003F153F /* ChessOpeningTrainerUITestsLaunchTests.swift */,
			);
			path = ChessOpeningTrainerUITests;
			sourceTree = "<group>";
		};
/* End PBXGroup section */

/* Begin PBXNativeTarget section */
		AAA1A17729F02351003F153F /* ChessOpeningTrainer */ = {
			isa = PBXNativeTarget;
			buildConfigurationList = AAA1A19D29F02352003F153F /* Build configuration list for PBXNativeTarget "ChessOpeningTrainer" */;
			buildPhases = (
				AAA1A17429F02351003F153F /* Sources */,
				AAA1A17529F02351003F153F /* Frameworks */,
				AAA1A17629F02351003F153F /* Resources */,
			);
			buildRules = (
			);
			dependencies = (
			);
			name = ChessOpeningTrainer;
			packageProductDependencies = (
				AAA1A1A729F02493003F153F /* ChessKit */,
			);
			productName = ChessOpeningTrainer;
			productReference = AAA1A17829F02351003F153F /* ChessOpeningTrainer.app */;
			productType = "com.apple.product-type.application";
		};
		AAA1A18829F02352003F153F /* ChessOpeningTrainerTests */ = {
			isa = PBXNativeTarget;
			buildConfigurationList = AAA1A1A029F02352003F153F /* Build configuration list for PBXNativeTarget "ChessOpeningTrainerTests" */;
			buildPhases = (
				AAA1A18529F02352003F153F /* Sources */,
				AAA1A18629F02352003F153F /* Frameworks */,
				AAA1A18729F02352003F153F /* Resources */,
			);
			buildRules = (
			);
			dependencies = (
				AAA1A18B29F02352003F153F /* PBXTargetDependency */,
			);
			name = ChessOpeningTrainerTests;
			productName = ChessOpeningTrainerTests;
			productReference = AAA1A18929F02352003F153F /* ChessOpeningTrainerTests.xctest */;
			productType = "com.apple.product-type.bundle.unit-test";
		};
		AAA1A19229F02352003F153F /* ChessOpeningTrainerUITests */ = {
			isa = PBXNativeTarget;
			buildConfigurationList = AAA1A1A329F02352003F153F /* Build configuration list for PBXNativeTarget "ChessOpeningTrainerUITests" */;
			buildPhases = (
				AAA1A18F29F02352003F153F /* Sources */,
				AAA1A19029F02352003F153F /* Frameworks */,
				AAA1A19129F02352003F153F /* Resources */,
			);
			buildRules = (
			);
			dependencies = (
				AAA1A19529F02352003F153F /* PBXTargetDependency */,
			);
			name = ChessOpeningTrainerUITests;
			productName = ChessOpeningTrainerUITests;
			productReference = AAA1A19329F02352003F153F /* ChessOpeningTrainerUITests.xctest */;
			productType = "com.apple.product-type.bundle.ui-testing";
		};
/* End PBXNativeTarget section */

/* Begin PBXProject section */
		AAA1A17029F02351003F153F /* Project object */ = {
			isa = PBXProject;
			attributes = {
				BuildIndependentTargetsInParallel = 1;
				LastSwiftUpdateCheck = 1430;
				LastUpgradeCheck = 1430;
				TargetAttributes = {
					AAA1A17729F02351003F153F = {
						CreatedOnToolsVersion = 14.3;
					};
					AAA1A18829F02352003F153F = {
						CreatedOnToolsVersion = 14.3;
						TestTargetID = AAA1A17729F02351003F153F;
					};
					AAA1A19229F02352003F153F = {
						CreatedOnToolsVersion = 14.3;
						TestTargetID = AAA1A17729F02351003F153F;
					};
				};
			};
			buildConfigurationList = AAA1A17329F02351003F153F /* Build configuration list for PBXProject "ChessOpeningTrainer" */;
			compatibilityVersion = "Xcode 14.0";
			developmentRegion = en;
			hasScannedForEncodings = 0;
			knownRegions = (
				en,
				Base,
			);
			mainGroup = AAA1A16F29F02351003F153F;
			packageReferences = (
				AAA1A1A629F02493003F153F /* XCRemoteSwiftPackageReference "ChessKit" */,
			);
			productRefGroup = AAA1A17929F02351003F153F /* Products */;
			projectDirPath = "";
			projectRoot = "";
			targets = (
				AAA1A17729F02351003F153F /* ChessOpeningTrainer */,
				AAA1A18829F02352003F153F /* ChessOpeningTrainerTests */,
				AAA1A19229F02352003F153F /* ChessOpeningTrainerUITests */,
			);
		};
/* End PBXProject section */

/* Begin PBXResourcesBuildPhase section */
		AAA1A17629F02351003F153F /* Resources */ = {
			isa = PBXResourcesBuildPhase;
			buildActionMask = 2147483647;
			files = (
				AAA1A18429F02352003F153F /* Preview Assets.xcassets in Resources */,
				AAA1A18029F02352003F153F /* Assets.xcassets in Resources */,
			);
			runOnlyForDeploymentPostprocessing = 0;
		};
		AAA1A18729F02352003F153F /* Resources */ = {
			isa = PBXResourcesBuildPhase;
			buildActionMask = 2147483647;
			files = (
			);
			runOnlyForDeploymentPostprocessing = 0;
		};
		AAA1A19129F02352003F153F /* Resources */ = {
			isa = PBXResourcesBuildPhase;
			buildActionMask = 2147483647;
			files = (
			);
			runOnlyForDeploymentPostprocessing = 0;
		};
/* End PBXResourcesBuildPhase section */

/* Begin PBXSourcesBuildPhase section */
		AAA1A17429F02351003F153F /* Sources */ = {
			isa = PBXSourcesBuildPhase;
			buildActionMask = 2147483647;
			files = (
				AAA1A1B729F14CAC003F153F /* MoveNode.swift in Sources */,
				AAA1A1AE29F12E67003F153F /* CreateStudyView.swift in Sources */,
				AAA1A17E29F02351003F153F /* ContentView.swift in Sources */,
				AAA1A1B929F14D33003F153F /* GameTree.swift in Sources */,
				AAA1A1AA29F0263F003F153F /* ChessBoardView.swift in Sources */,
				AAA1A17C29F02351003F153F /* ChessOpeningTrainerApp.swift in Sources */,
				AAA1A1CA29F2CC44003F153F /* ArrowShape.swift in Sources */,
			);
			runOnlyForDeploymentPostprocessing = 0;
		};
		AAA1A18529F02352003F153F /* Sources */ = {
			isa = PBXSourcesBuildPhase;
			buildActionMask = 2147483647;
			files = (
				AAA1A18E29F02352003F153F /* ChessOpeningTrainerTests.swift in Sources */,
			);
			runOnlyForDeploymentPostprocessing = 0;
		};
		AAA1A18F29F02352003F153F /* Sources */ = {
			isa = PBXSourcesBuildPhase;
			buildActionMask = 2147483647;
			files = (
				AAA1A19A29F02352003F153F /* ChessOpeningTrainerUITestsLaunchTests.swift in Sources */,
				AAA1A19829F02352003F153F /* ChessOpeningTrainerUITests.swift in Sources */,
			);
			runOnlyForDeploymentPostprocessing = 0;
		};
/* End PBXSourcesBuildPhase section */

/* Begin PBXTargetDependency section */
		AAA1A18B29F02352003F153F /* PBXTargetDependency */ = {
			isa = PBXTargetDependency;
			target = AAA1A17729F02351003F153F /* ChessOpeningTrainer */;
			targetProxy = AAA1A18A29F02352003F153F /* PBXContainerItemProxy */;
		};
		AAA1A19529F02352003F153F /* PBXTargetDependency */ = {
			isa = PBXTargetDependency;
			target = AAA1A17729F02351003F153F /* ChessOpeningTrainer */;
			targetProxy = AAA1A19429F02352003F153F /* PBXContainerItemProxy */;
		};
/* End PBXTargetDependency section */

/* Begin XCBuildConfiguration section */
		AAA1A19B29F02352003F153F /* Debug */ = {
			isa = XCBuildConfiguration;
			buildSettings = {
				ALWAYS_SEARCH_USER_PATHS = NO;
				CLANG_ANALYZER_NONNULL = YES;
				CLANG_ANALYZER_NUMBER_OBJECT_CONVERSION = YES_AGGRESSIVE;
				CLANG_CXX_LANGUAGE_STANDARD = "gnu++20";
				CLANG_ENABLE_MODULES = YES;
				CLANG_ENABLE_OBJC_ARC = YES;
				CLANG_ENABLE_OBJC_WEAK = YES;
				CLANG_WARN_BLOCK_CAPTURE_AUTORELEASING = YES;
				CLANG_WARN_BOOL_CONVERSION = YES;
				CLANG_WARN_COMMA = YES;
				CLANG_WARN_CONSTANT_CONVERSION = YES;
				CLANG_WARN_DEPRECATED_OBJC_IMPLEMENTATIONS = YES;
				CLANG_WARN_DIRECT_OBJC_ISA_USAGE = YES_ERROR;
				CLANG_WARN_DOCUMENTATION_COMMENTS = YES;
				CLANG_WARN_EMPTY_BODY = YES;
				CLANG_WARN_ENUM_CONVERSION = YES;
				CLANG_WARN_INFINITE_RECURSION = YES;
				CLANG_WARN_INT_CONVERSION = YES;
				CLANG_WARN_NON_LITERAL_NULL_CONVERSION = YES;
				CLANG_WARN_OBJC_IMPLICIT_RETAIN_SELF = YES;
				CLANG_WARN_OBJC_LITERAL_CONVERSION = YES;
				CLANG_WARN_OBJC_ROOT_CLASS = YES_ERROR;
				CLANG_WARN_QUOTED_INCLUDE_IN_FRAMEWORK_HEADER = YES;
				CLANG_WARN_RANGE_LOOP_ANALYSIS = YES;
				CLANG_WARN_STRICT_PROTOTYPES = YES;
				CLANG_WARN_SUSPICIOUS_MOVE = YES;
				CLANG_WARN_UNGUARDED_AVAILABILITY = YES_AGGRESSIVE;
				CLANG_WARN_UNREACHABLE_CODE = YES;
				CLANG_WARN__DUPLICATE_METHOD_MATCH = YES;
				COPY_PHASE_STRIP = NO;
				DEBUG_INFORMATION_FORMAT = dwarf;
				ENABLE_STRICT_OBJC_MSGSEND = YES;
				ENABLE_TESTABILITY = YES;
				GCC_C_LANGUAGE_STANDARD = gnu11;
				GCC_DYNAMIC_NO_PIC = NO;
				GCC_NO_COMMON_BLOCKS = YES;
				GCC_OPTIMIZATION_LEVEL = 0;
				GCC_PREPROCESSOR_DEFINITIONS = (
					"DEBUG=1",
					"$(inherited)",
				);
				GCC_WARN_64_TO_32_BIT_CONVERSION = YES;
				GCC_WARN_ABOUT_RETURN_TYPE = YES_ERROR;
				GCC_WARN_UNDECLARED_SELECTOR = YES;
				GCC_WARN_UNINITIALIZED_AUTOS = YES_AGGRESSIVE;
				GCC_WARN_UNUSED_FUNCTION = YES;
				GCC_WARN_UNUSED_VARIABLE = YES;
				MTL_ENABLE_DEBUG_INFO = INCLUDE_SOURCE;
				MTL_FAST_MATH = YES;
				ONLY_ACTIVE_ARCH = YES;
				SWIFT_ACTIVE_COMPILATION_CONDITIONS = DEBUG;
				SWIFT_OPTIMIZATION_LEVEL = "-Onone";
			};
			name = Debug;
		};
		AAA1A19C29F02352003F153F /* Release */ = {
			isa = XCBuildConfiguration;
			buildSettings = {
				ALWAYS_SEARCH_USER_PATHS = NO;
				CLANG_ANALYZER_NONNULL = YES;
				CLANG_ANALYZER_NUMBER_OBJECT_CONVERSION = YES_AGGRESSIVE;
				CLANG_CXX_LANGUAGE_STANDARD = "gnu++20";
				CLANG_ENABLE_MODULES = YES;
				CLANG_ENABLE_OBJC_ARC = YES;
				CLANG_ENABLE_OBJC_WEAK = YES;
				CLANG_WARN_BLOCK_CAPTURE_AUTORELEASING = YES;
				CLANG_WARN_BOOL_CONVERSION = YES;
				CLANG_WARN_COMMA = YES;
				CLANG_WARN_CONSTANT_CONVERSION = YES;
				CLANG_WARN_DEPRECATED_OBJC_IMPLEMENTATIONS = YES;
				CLANG_WARN_DIRECT_OBJC_ISA_USAGE = YES_ERROR;
				CLANG_WARN_DOCUMENTATION_COMMENTS = YES;
				CLANG_WARN_EMPTY_BODY = YES;
				CLANG_WARN_ENUM_CONVERSION = YES;
				CLANG_WARN_INFINITE_RECURSION = YES;
				CLANG_WARN_INT_CONVERSION = YES;
				CLANG_WARN_NON_LITERAL_NULL_CONVERSION = YES;
				CLANG_WARN_OBJC_IMPLICIT_RETAIN_SELF = YES;
				CLANG_WARN_OBJC_LITERAL_CONVERSION = YES;
				CLANG_WARN_OBJC_ROOT_CLASS = YES_ERROR;
				CLANG_WARN_QUOTED_INCLUDE_IN_FRAMEWORK_HEADER = YES;
				CLANG_WARN_RANGE_LOOP_ANALYSIS = YES;
				CLANG_WARN_STRICT_PROTOTYPES = YES;
				CLANG_WARN_SUSPICIOUS_MOVE = YES;
				CLANG_WARN_UNGUARDED_AVAILABILITY = YES_AGGRESSIVE;
				CLANG_WARN_UNREACHABLE_CODE = YES;
				CLANG_WARN__DUPLICATE_METHOD_MATCH = YES;
				COPY_PHASE_STRIP = NO;
				DEBUG_INFORMATION_FORMAT = "dwarf-with-dsym";
				ENABLE_NS_ASSERTIONS = NO;
				ENABLE_STRICT_OBJC_MSGSEND = YES;
				GCC_C_LANGUAGE_STANDARD = gnu11;
				GCC_NO_COMMON_BLOCKS = YES;
				GCC_WARN_64_TO_32_BIT_CONVERSION = YES;
				GCC_WARN_ABOUT_RETURN_TYPE = YES_ERROR;
				GCC_WARN_UNDECLARED_SELECTOR = YES;
				GCC_WARN_UNINITIALIZED_AUTOS = YES_AGGRESSIVE;
				GCC_WARN_UNUSED_FUNCTION = YES;
				GCC_WARN_UNUSED_VARIABLE = YES;
				MTL_ENABLE_DEBUG_INFO = NO;
				MTL_FAST_MATH = YES;
				SWIFT_COMPILATION_MODE = wholemodule;
				SWIFT_OPTIMIZATION_LEVEL = "-O";
			};
			name = Release;
		};
		AAA1A19E29F02352003F153F /* Debug */ = {
			isa = XCBuildConfiguration;
			buildSettings = {
				ASSETCATALOG_COMPILER_APPICON_NAME = AppIcon;
				ASSETCATALOG_COMPILER_GLOBAL_ACCENT_COLOR_NAME = AccentColor;
				CODE_SIGN_ENTITLEMENTS = ChessOpeningTrainer/ChessOpeningTrainer.entitlements;
				CODE_SIGN_STYLE = Automatic;
				CURRENT_PROJECT_VERSION = 1;
				DEVELOPMENT_ASSET_PATHS = "\"ChessOpeningTrainer/Preview Content\"";
				DEVELOPMENT_TEAM = Q7XMYQ8965;
				ENABLE_PREVIEWS = YES;
				GENERATE_INFOPLIST_FILE = YES;
				"INFOPLIST_KEY_UIApplicationSceneManifest_Generation[sdk=iphoneos*]" = YES;
				"INFOPLIST_KEY_UIApplicationSceneManifest_Generation[sdk=iphonesimulator*]" = YES;
				"INFOPLIST_KEY_UIApplicationSupportsIndirectInputEvents[sdk=iphoneos*]" = YES;
				"INFOPLIST_KEY_UIApplicationSupportsIndirectInputEvents[sdk=iphonesimulator*]" = YES;
				"INFOPLIST_KEY_UILaunchScreen_Generation[sdk=iphoneos*]" = YES;
				"INFOPLIST_KEY_UILaunchScreen_Generation[sdk=iphonesimulator*]" = YES;
				"INFOPLIST_KEY_UIStatusBarStyle[sdk=iphoneos*]" = UIStatusBarStyleDefault;
				"INFOPLIST_KEY_UIStatusBarStyle[sdk=iphonesimulator*]" = UIStatusBarStyleDefault;
				INFOPLIST_KEY_UISupportedInterfaceOrientations_iPad = "UIInterfaceOrientationPortrait UIInterfaceOrientationPortraitUpsideDown UIInterfaceOrientationLandscapeLeft UIInterfaceOrientationLandscapeRight";
				INFOPLIST_KEY_UISupportedInterfaceOrientations_iPhone = "UIInterfaceOrientationPortrait UIInterfaceOrientationLandscapeLeft UIInterfaceOrientationLandscapeRight";
				IPHONEOS_DEPLOYMENT_TARGET = 16.4;
				LD_RUNPATH_SEARCH_PATHS = "@executable_path/Frameworks";
				"LD_RUNPATH_SEARCH_PATHS[sdk=macosx*]" = "@executable_path/../Frameworks";
				MACOSX_DEPLOYMENT_TARGET = 13.3;
				MARKETING_VERSION = 1.0;
				PRODUCT_BUNDLE_IDENTIFIER = gleissnerchristian.ChessOpeningTrainer;
				PRODUCT_NAME = "$(TARGET_NAME)";
				SDKROOT = auto;
				SUPPORTED_PLATFORMS = "iphoneos iphonesimulator macosx";
				SWIFT_EMIT_LOC_STRINGS = YES;
				SWIFT_VERSION = 5.0;
				TARGETED_DEVICE_FAMILY = "1,2";
			};
			name = Debug;
		};
		AAA1A19F29F02352003F153F /* Release */ = {
			isa = XCBuildConfiguration;
			buildSettings = {
				ASSETCATALOG_COMPILER_APPICON_NAME = AppIcon;
				ASSETCATALOG_COMPILER_GLOBAL_ACCENT_COLOR_NAME = AccentColor;
				CODE_SIGN_ENTITLEMENTS = ChessOpeningTrainer/ChessOpeningTrainer.entitlements;
				CODE_SIGN_STYLE = Automatic;
				CURRENT_PROJECT_VERSION = 1;
				DEVELOPMENT_ASSET_PATHS = "\"ChessOpeningTrainer/Preview Content\"";
				DEVELOPMENT_TEAM = Q7XMYQ8965;
				ENABLE_PREVIEWS = YES;
				GENERATE_INFOPLIST_FILE = YES;
				"INFOPLIST_KEY_UIApplicationSceneManifest_Generation[sdk=iphoneos*]" = YES;
				"INFOPLIST_KEY_UIApplicationSceneManifest_Generation[sdk=iphonesimulator*]" = YES;
				"INFOPLIST_KEY_UIApplicationSupportsIndirectInputEvents[sdk=iphoneos*]" = YES;
				"INFOPLIST_KEY_UIApplicationSupportsIndirectInputEvents[sdk=iphonesimulator*]" = YES;
				"INFOPLIST_KEY_UILaunchScreen_Generation[sdk=iphoneos*]" = YES;
				"INFOPLIST_KEY_UILaunchScreen_Generation[sdk=iphonesimulator*]" = YES;
				"INFOPLIST_KEY_UIStatusBarStyle[sdk=iphoneos*]" = UIStatusBarStyleDefault;
				"INFOPLIST_KEY_UIStatusBarStyle[sdk=iphonesimulator*]" = UIStatusBarStyleDefault;
				INFOPLIST_KEY_UISupportedInterfaceOrientations_iPad = "UIInterfaceOrientationPortrait UIInterfaceOrientationPortraitUpsideDown UIInterfaceOrientationLandscapeLeft UIInterfaceOrientationLandscapeRight";
				INFOPLIST_KEY_UISupportedInterfaceOrientations_iPhone = "UIInterfaceOrientationPortrait UIInterfaceOrientationLandscapeLeft UIInterfaceOrientationLandscapeRight";
				IPHONEOS_DEPLOYMENT_TARGET = 16.4;
				LD_RUNPATH_SEARCH_PATHS = "@executable_path/Frameworks";
				"LD_RUNPATH_SEARCH_PATHS[sdk=macosx*]" = "@executable_path/../Frameworks";
				MACOSX_DEPLOYMENT_TARGET = 13.3;
				MARKETING_VERSION = 1.0;
				PRODUCT_BUNDLE_IDENTIFIER = gleissnerchristian.ChessOpeningTrainer;
				PRODUCT_NAME = "$(TARGET_NAME)";
				SDKROOT = auto;
				SUPPORTED_PLATFORMS = "iphoneos iphonesimulator macosx";
				SWIFT_EMIT_LOC_STRINGS = YES;
				SWIFT_VERSION = 5.0;
				TARGETED_DEVICE_FAMILY = "1,2";
			};
			name = Release;
		};
		AAA1A1A129F02352003F153F /* Debug */ = {
			isa = XCBuildConfiguration;
			buildSettings = {
				ALWAYS_EMBED_SWIFT_STANDARD_LIBRARIES = YES;
				BUNDLE_LOADER = "$(TEST_HOST)";
				CODE_SIGN_STYLE = Automatic;
				CURRENT_PROJECT_VERSION = 1;
				GENERATE_INFOPLIST_FILE = YES;
				IPHONEOS_DEPLOYMENT_TARGET = 16.4;
				MACOSX_DEPLOYMENT_TARGET = 13.3;
				MARKETING_VERSION = 1.0;
				PRODUCT_BUNDLE_IDENTIFIER = gleissnerchristian.ChessOpeningTrainerTests;
				PRODUCT_NAME = "$(TARGET_NAME)";
				SDKROOT = auto;
				SUPPORTED_PLATFORMS = "iphoneos iphonesimulator macosx";
				SWIFT_EMIT_LOC_STRINGS = NO;
				SWIFT_VERSION = 5.0;
				TARGETED_DEVICE_FAMILY = "1,2";
				TEST_HOST = "$(BUILT_PRODUCTS_DIR)/ChessOpeningTrainer.app/$(BUNDLE_EXECUTABLE_FOLDER_PATH)/ChessOpeningTrainer";
			};
			name = Debug;
		};
		AAA1A1A229F02352003F153F /* Release */ = {
			isa = XCBuildConfiguration;
			buildSettings = {
				ALWAYS_EMBED_SWIFT_STANDARD_LIBRARIES = YES;
				BUNDLE_LOADER = "$(TEST_HOST)";
				CODE_SIGN_STYLE = Automatic;
				CURRENT_PROJECT_VERSION = 1;
				GENERATE_INFOPLIST_FILE = YES;
				IPHONEOS_DEPLOYMENT_TARGET = 16.4;
				MACOSX_DEPLOYMENT_TARGET = 13.3;
				MARKETING_VERSION = 1.0;
				PRODUCT_BUNDLE_IDENTIFIER = gleissnerchristian.ChessOpeningTrainerTests;
				PRODUCT_NAME = "$(TARGET_NAME)";
				SDKROOT = auto;
				SUPPORTED_PLATFORMS = "iphoneos iphonesimulator macosx";
				SWIFT_EMIT_LOC_STRINGS = NO;
				SWIFT_VERSION = 5.0;
				TARGETED_DEVICE_FAMILY = "1,2";
				TEST_HOST = "$(BUILT_PRODUCTS_DIR)/ChessOpeningTrainer.app/$(BUNDLE_EXECUTABLE_FOLDER_PATH)/ChessOpeningTrainer";
			};
			name = Release;
		};
		AAA1A1A429F02352003F153F /* Debug */ = {
			isa = XCBuildConfiguration;
			buildSettings = {
				ALWAYS_EMBED_SWIFT_STANDARD_LIBRARIES = YES;
				CODE_SIGN_STYLE = Automatic;
				CURRENT_PROJECT_VERSION = 1;
				GENERATE_INFOPLIST_FILE = YES;
				IPHONEOS_DEPLOYMENT_TARGET = 16.4;
				MACOSX_DEPLOYMENT_TARGET = 13.3;
				MARKETING_VERSION = 1.0;
				PRODUCT_BUNDLE_IDENTIFIER = gleissnerchristian.ChessOpeningTrainerUITests;
				PRODUCT_NAME = "$(TARGET_NAME)";
				SDKROOT = auto;
				SUPPORTED_PLATFORMS = "iphoneos iphonesimulator macosx";
				SWIFT_EMIT_LOC_STRINGS = NO;
				SWIFT_VERSION = 5.0;
				TARGETED_DEVICE_FAMILY = "1,2";
				TEST_TARGET_NAME = ChessOpeningTrainer;
			};
			name = Debug;
		};
		AAA1A1A529F02352003F153F /* Release */ = {
			isa = XCBuildConfiguration;
			buildSettings = {
				ALWAYS_EMBED_SWIFT_STANDARD_LIBRARIES = YES;
				CODE_SIGN_STYLE = Automatic;
				CURRENT_PROJECT_VERSION = 1;
				GENERATE_INFOPLIST_FILE = YES;
				IPHONEOS_DEPLOYMENT_TARGET = 16.4;
				MACOSX_DEPLOYMENT_TARGET = 13.3;
				MARKETING_VERSION = 1.0;
				PRODUCT_BUNDLE_IDENTIFIER = gleissnerchristian.ChessOpeningTrainerUITests;
				PRODUCT_NAME = "$(TARGET_NAME)";
				SDKROOT = auto;
				SUPPORTED_PLATFORMS = "iphoneos iphonesimulator macosx";
				SWIFT_EMIT_LOC_STRINGS = NO;
				SWIFT_VERSION = 5.0;
				TARGETED_DEVICE_FAMILY = "1,2";
				TEST_TARGET_NAME = ChessOpeningTrainer;
			};
			name = Release;
		};
/* End XCBuildConfiguration section */

/* Begin XCConfigurationList section */
		AAA1A17329F02351003F153F /* Build configuration list for PBXProject "ChessOpeningTrainer" */ = {
			isa = XCConfigurationList;
			buildConfigurations = (
				AAA1A19B29F02352003F153F /* Debug */,
				AAA1A19C29F02352003F153F /* Release */,
			);
			defaultConfigurationIsVisible = 0;
			defaultConfigurationName = Release;
		};
		AAA1A19D29F02352003F153F /* Build configuration list for PBXNativeTarget "ChessOpeningTrainer" */ = {
			isa = XCConfigurationList;
			buildConfigurations = (
				AAA1A19E29F02352003F153F /* Debug */,
				AAA1A19F29F02352003F153F /* Release */,
			);
			defaultConfigurationIsVisible = 0;
			defaultConfigurationName = Release;
		};
		AAA1A1A029F02352003F153F /* Build configuration list for PBXNativeTarget "ChessOpeningTrainerTests" */ = {
			isa = XCConfigurationList;
			buildConfigurations = (
				AAA1A1A129F02352003F153F /* Debug */,
				AAA1A1A229F02352003F153F /* Release */,
			);
			defaultConfigurationIsVisible = 0;
			defaultConfigurationName = Release;
		};
		AAA1A1A329F02352003F153F /* Build configuration list for PBXNativeTarget "ChessOpeningTrainerUITests" */ = {
			isa = XCConfigurationList;
			buildConfigurations = (
				AAA1A1A429F02352003F153F /* Debug */,
				AAA1A1A529F02352003F153F /* Release */,
			);
			defaultConfigurationIsVisible = 0;
			defaultConfigurationName = Release;
		};
/* End XCConfigurationList section */

/* Begin XCRemoteSwiftPackageReference section */
		AAA1A1A629F02493003F153F /* XCRemoteSwiftPackageReference "ChessKit" */ = {
			isa = XCRemoteSwiftPackageReference;
			repositoryURL = "https://github.com/aperechnev/ChessKit";
			requirement = {
				kind = upToNextMajorVersion;
				minimumVersion = 1.0.0;
			};
		};
/* End XCRemoteSwiftPackageReference section */

/* Begin XCSwiftPackageProductDependency section */
		AAA1A1A729F02493003F153F /* ChessKit */ = {
			isa = XCSwiftPackageProductDependency;
			package = AAA1A1A629F02493003F153F /* XCRemoteSwiftPackageReference "ChessKit" */;
			productName = ChessKit;
		};
/* End XCSwiftPackageProductDependency section */
	};
	rootObject = AAA1A17029F02351003F153F /* Project object */;
}
