{
  "pins" : [
    {
      "identity" : "chesskit",
      "kind" : "remoteSourceControl",
      "location" : "https://github.com/christiangleissner/ChessKit",
      "state" : {
        "branch" : "FixIssue#11",
        "revision" : "2c6e403cc5dab26845981f3a0ac1601185a7a7df"
      }
    },
    {
      "identity" : "chesskit-engine",
      "kind" : "remoteSourceControl",
      "location" : "https://github.com/chesskit-app/chesskit-engine/",
      "state" : {
        "revision" : "84b9687a5a2316b984d8079e83493c28ed4d73d5",
        "version" : "0.2.2"
      }
    }
  ],
  "version" : 2
}
